// !$*UTF8*$!
{
	archiveVersion = 1;
	classes = {
	};
	objectVersion = 46;
	objects = {

/* Begin PBXBuildFile section */
		3E05AC1E350C813C53788DBF /* libPods.a in Frameworks */ = {isa = PBXBuildFile; fileRef = 5B4CC5733144DC4C456482F5 /* libPods.a */; };
		4C14E9F21BE0C25C00B2C4CB /* ZCIDCardSearchTableViewController.m in Sources */ = {isa = PBXBuildFile; fileRef = 4C14E9F11BE0C25C00B2C4CB /* ZCIDCardSearchTableViewController.m */; };
		4C14EAE41BE0F1F300B2C4CB /* ZCSubtitleItem.m in Sources */ = {isa = PBXBuildFile; fileRef = 4C14EAE31BE0F1F300B2C4CB /* ZCSubtitleItem.m */; };
		4C17CBFC1BEA425100CB7269 /* ZCAreaCodeTableViewController.m in Sources */ = {isa = PBXBuildFile; fileRef = 4C17CBFB1BEA425100CB7269 /* ZCAreaCodeTableViewController.m */; };
		4C3631871BDA566D0010C0CC /* ZCHttpRequestTool.m in Sources */ = {isa = PBXBuildFile; fileRef = 4C3631861BDA566D0010C0CC /* ZCHttpRequestTool.m */; };
		4C36318A1BDA5ECC0010C0CC /* ZCSearchHttpRequest.m in Sources */ = {isa = PBXBuildFile; fileRef = 4C3631891BDA5ECC0010C0CC /* ZCSearchHttpRequest.m */; };
		4C4A28F01BE211A3003E9E5E /* ZCCurrencyTableViewController.m in Sources */ = {isa = PBXBuildFile; fileRef = 4C4A28EF1BE211A3003E9E5E /* ZCCurrencyTableViewController.m */; };
		4C4A28F61BE21B89003E9E5E /* CurrencyCode.plist in Resources */ = {isa = PBXBuildFile; fileRef = 4C4A28F51BE21B89003E9E5E /* CurrencyCode.plist */; };
		4C5863321BE39C4C00E75DC9 /* ZCSearchTableViewController.m in Sources */ = {isa = PBXBuildFile; fileRef = 4C5863311BE39C4C00E75DC9 /* ZCSearchTableViewController.m */; };
		4C6894B61BEB3D52005B4AC7 /* ZCMapSearchViewController.m in Sources */ = {isa = PBXBuildFile; fileRef = 4C6894B51BEB3D52005B4AC7 /* ZCMapSearchViewController.m */; };
		4C6894B81BEB3D79005B4AC7 /* AMapSearchKit.framework in Frameworks */ = {isa = PBXBuildFile; fileRef = 4C6894B71BEB3D79005B4AC7 /* AMapSearchKit.framework */; };
		4C6B33C51BD7967F00475586 /* ZCRootViewController.m in Sources */ = {isa = PBXBuildFile; fileRef = 4C6B33C41BD7967F00475586 /* ZCRootViewController.m */; };
		4C6B33DB1BD7BEE200475586 /* UIButton+ZCQuickCreateButton.m in Sources */ = {isa = PBXBuildFile; fileRef = 4C6B33DA1BD7BEE200475586 /* UIButton+ZCQuickCreateButton.m */; };
		4C9B47951BDE06CB0030B947 /* ZCCitiesTableViewController.m in Sources */ = {isa = PBXBuildFile; fileRef = 4C9B47941BDE06CB0030B947 /* ZCCitiesTableViewController.m */; };
		4C9B479C1BDE09450030B947 /* Categories.plist in Resources */ = {isa = PBXBuildFile; fileRef = 4C9B47961BDE09450030B947 /* Categories.plist */; };
		4C9B479D1BDE09450030B947 /* Categoriesaaa.plist in Resources */ = {isa = PBXBuildFile; fileRef = 4C9B47971BDE09450030B947 /* Categoriesaaa.plist */; };
		4C9B479E1BDE09450030B947 /* Cities.plist in Resources */ = {isa = PBXBuildFile; fileRef = 4C9B47981BDE09450030B947 /* Cities.plist */; };
		4C9B47A01BDE09450030B947 /* Orders.plist in Resources */ = {isa = PBXBuildFile; fileRef = 4C9B479A1BDE09450030B947 /* Orders.plist */; };
		4C9B47A11BDE09450030B947 /* ProvincesAndCities.plist in Resources */ = {isa = PBXBuildFile; fileRef = 4C9B479B1BDE09450030B947 /* ProvincesAndCities.plist */; };
		4CAEF17C1BE6534200A2726B /* DateManager.m in Sources */ = {isa = PBXBuildFile; fileRef = 4CAEF1771BE6534200A2726B /* DateManager.m */; };
		4CAEF17D1BE6534200A2726B /* DBManager.m in Sources */ = {isa = PBXBuildFile; fileRef = 4CAEF1791BE6534200A2726B /* DBManager.m */; };
		4CAEF17E1BE6534200A2726B /* DBManagerQueue.m in Sources */ = {isa = PBXBuildFile; fileRef = 4CAEF17B1BE6534200A2726B /* DBManagerQueue.m */; };
		4CB0F96F1BEAE3C000C40D16 /* ZCZipcodeTableViewController.m in Sources */ = {isa = PBXBuildFile; fileRef = 4CB0F96E1BEAE3C000C40D16 /* ZCZipcodeTableViewController.m */; };
		4CB0F9751BEAEC5D00C40D16 /* ZCTrainTableViewController.m in Sources */ = {isa = PBXBuildFile; fileRef = 4CB0F9741BEAEC5D00C40D16 /* ZCTrainTableViewController.m */; };
		4CB0F9941BEB32F800C40D16 /* AMap.bundle in Resources */ = {isa = PBXBuildFile; fileRef = 4CB0F9921BEB32F800C40D16 /* AMap.bundle */; };
		4CB0F9951BEB32F800C40D16 /* MAMapKit.framework in Frameworks */ = {isa = PBXBuildFile; fileRef = 4CB0F9931BEB32F800C40D16 /* MAMapKit.framework */; };
		4CB0F9961BEB332300C40D16 /* libstdc++.6.0.9.tbd in Frameworks */ = {isa = PBXBuildFile; fileRef = 4CB0F9881BEB087D00C40D16 /* libstdc++.6.0.9.tbd */; };
		4CB0F9971BEB332900C40D16 /* CoreLocation.framework in Frameworks */ = {isa = PBXBuildFile; fileRef = 4CB0F9841BEB086500C40D16 /* CoreLocation.framework */; };
		4CB0F9981BEB332F00C40D16 /* OpenGLES.framework in Frameworks */ = {isa = PBXBuildFile; fileRef = 4CB0F9861BEB087300C40D16 /* OpenGLES.framework */; };
		4CB0F9991BEB333700C40D16 /* SystemConfiguration.framework in Frameworks */ = {isa = PBXBuildFile; fileRef = 4CB0F9821BEB085B00C40D16 /* SystemConfiguration.framework */; };
		4CB0F99A1BEB333B00C40D16 /* Security.framework in Frameworks */ = {isa = PBXBuildFile; fileRef = 4CB0F9801BEB084D00C40D16 /* Security.framework */; };
		4CB0F99B1BEB334100C40D16 /* CoreTelephony.framework in Frameworks */ = {isa = PBXBuildFile; fileRef = 4CB0F97E1BEB084500C40D16 /* CoreTelephony.framework */; };
		4CB141651BDA24E40060F5A5 /* ZCWeatherModel.m in Sources */ = {isa = PBXBuildFile; fileRef = 4CB141641BDA24E40060F5A5 /* ZCWeatherModel.m */; };
		4CB52F721BE79A46009DEEAB /* icon.png in Resources */ = {isa = PBXBuildFile; fileRef = 4CB52F711BE79A46009DEEAB /* icon.png */; };
		4CD86B6F1BE8D00B003BBA80 /* WebKit.framework in Frameworks */ = {isa = PBXBuildFile; fileRef = 4CD86B6D1BE8CEFE003BBA80 /* WebKit.framework */; };
		4CD86B721BE8DDD2003BBA80 /* ZCNewsViewController.m in Sources */ = {isa = PBXBuildFile; fileRef = 4CD86B711BE8DDD2003BBA80 /* ZCNewsViewController.m */; };
		4CD86B751BE8E773003BBA80 /* ZCRevenueTableViewController.m in Sources */ = {isa = PBXBuildFile; fileRef = 4CD86B741BE8E773003BBA80 /* ZCRevenueTableViewController.m */; };
		4CDBCB811BD789B900310898 /* main.m in Sources */ = {isa = PBXBuildFile; fileRef = 4CDBCB801BD789B900310898 /* main.m */; };
		4CDBCB841BD789B900310898 /* ZCAppDelegate.m in Sources */ = {isa = PBXBuildFile; fileRef = 4CDBCB831BD789B900310898 /* ZCAppDelegate.m */; };
		4CDBCB8A1BD789B900310898 /* Main.storyboard in Resources */ = {isa = PBXBuildFile; fileRef = 4CDBCB881BD789B900310898 /* Main.storyboard */; };
		4CDBCB8F1BD789B900310898 /* LaunchScreen.storyboard in Resources */ = {isa = PBXBuildFile; fileRef = 4CDBCB8D1BD789B900310898 /* LaunchScreen.storyboard */; };
		4CDBCB9A1BD789B900310898 /* _____Tests.m in Sources */ = {isa = PBXBuildFile; fileRef = 4CDBCB991BD789B900310898 /* _____Tests.m */; };
		4CDBCBA51BD789B900310898 /* _____UITests.m in Sources */ = {isa = PBXBuildFile; fileRef = 4CDBCBA41BD789B900310898 /* _____UITests.m */; };
		4CE27F461BEB561C00FD7567 /* ZCOilTableViewController.m in Sources */ = {isa = PBXBuildFile; fileRef = 4CE27F451BEB561C00FD7567 /* ZCOilTableViewController.m */; };
		4CE685081BE38A3400D0647C /* ZCBusTableViewController.m in Sources */ = {isa = PBXBuildFile; fileRef = 4CE685071BE38A3400D0647C /* ZCBusTableViewController.m */; };
		4CE6850A1BE390A100D0647C /* Bus_Cities.plist in Resources */ = {isa = PBXBuildFile; fileRef = 4CE685091BE390A100D0647C /* Bus_Cities.plist */; };
		4CEC81C71BE492BA000AFF83 /* ZCAllToolsCollectionViewController.m in Sources */ = {isa = PBXBuildFile; fileRef = 4CEC81C61BE492BA000AFF83 /* ZCAllToolsCollectionViewController.m */; };
		4CECD5351BE9DFC00061CA72 /* ZCExpressTableViewController.m in Sources */ = {isa = PBXBuildFile; fileRef = 4CECD5341BE9DFC00061CA72 /* ZCExpressTableViewController.m */; };
		4CECD5371BE9E0EB0061CA72 /* express.plist in Resources */ = {isa = PBXBuildFile; fileRef = 4CECD5361BE9E0EB0061CA72 /* express.plist */; };
		4CECD53C1BE9F9870061CA72 /* TV_Channel.plist in Resources */ = {isa = PBXBuildFile; fileRef = 4CECD53B1BE9F9870061CA72 /* TV_Channel.plist */; };
		4CECD53F1BE9FAE80061CA72 /* ZCTVTableViewController.m in Sources */ = {isa = PBXBuildFile; fileRef = 4CECD53E1BE9FAE80061CA72 /* ZCTVTableViewController.m */; };
		4CECEC141BE8410600CB0363 /* ZCWikiViewController.m in Sources */ = {isa = PBXBuildFile; fileRef = 4CECEC131BE8410600CB0363 /* ZCWikiViewController.m */; };
		4CEE0B9E1BE614CF0026B344 /* ZCAboutViewController.m in Sources */ = {isa = PBXBuildFile; fileRef = 4CEE0B9A1BE614CF0026B344 /* ZCAboutViewController.m */; };
		4CEE0B9F1BE614CF0026B344 /* ZCAboutViewController.xib in Resources */ = {isa = PBXBuildFile; fileRef = 4CEE0B9B1BE614CF0026B344 /* ZCAboutViewController.xib */; };
		4CEE0BA01BE614CF0026B344 /* ZCUserTableViewController.m in Sources */ = {isa = PBXBuildFile; fileRef = 4CEE0B9D1BE614CF0026B344 /* ZCUserTableViewController.m */; };
		4CEE0C021BE61AFD0026B344 /* libsqlite3.tbd in Frameworks */ = {isa = PBXBuildFile; fileRef = 4CEE0C011BE61AFD0026B344 /* libsqlite3.tbd */; };
		4CEE0C081BE63D470026B344 /* ZCTabBar.m in Sources */ = {isa = PBXBuildFile; fileRef = 4CEE0C071BE63D470026B344 /* ZCTabBar.m */; };
		4CEE0C491BE648E00026B344 /* icon_clean@2x.png in Resources */ = {isa = PBXBuildFile; fileRef = 4CEE0C141BE648E00026B344 /* icon_clean@2x.png */; };
		4CEE0C4A1BE648E00026B344 /* icon_clean@3x.png in Resources */ = {isa = PBXBuildFile; fileRef = 4CEE0C151BE648E00026B344 /* icon_clean@3x.png */; };
		4CEE0C4B1BE648E00026B344 /* icon_copy@2x.png in Resources */ = {isa = PBXBuildFile; fileRef = 4CEE0C161BE648E00026B344 /* icon_copy@2x.png */; };
		4CEE0C4C1BE648E00026B344 /* icon_copy@3x.png in Resources */ = {isa = PBXBuildFile; fileRef = 4CEE0C171BE648E00026B344 /* icon_copy@3x.png */; };
		4CEE0C4D1BE648E00026B344 /* icon_done@2x.png in Resources */ = {isa = PBXBuildFile; fileRef = 4CEE0C181BE648E00026B344 /* icon_done@2x.png */; };
		4CEE0C4E1BE648E00026B344 /* icon_done@3x.png in Resources */ = {isa = PBXBuildFile; fileRef = 4CEE0C191BE648E00026B344 /* icon_done@3x.png */; };
		4CEE0C4F1BE648E00026B344 /* icon_history@2x.png in Resources */ = {isa = PBXBuildFile; fileRef = 4CEE0C1A1BE648E00026B344 /* icon_history@2x.png */; };
		4CEE0C501BE648E00026B344 /* icon_history@3x.png in Resources */ = {isa = PBXBuildFile; fileRef = 4CEE0C1B1BE648E00026B344 /* icon_history@3x.png */; };
		4CEE0C511BE648E00026B344 /* icon_light@2x.png in Resources */ = {isa = PBXBuildFile; fileRef = 4CEE0C1C1BE648E00026B344 /* icon_light@2x.png */; };
		4CEE0C521BE648E00026B344 /* icon_light@3x.png in Resources */ = {isa = PBXBuildFile; fileRef = 4CEE0C1D1BE648E00026B344 /* icon_light@3x.png */; };
		4CEE0C531BE648E00026B344 /* icon_light_normal@2x.png in Resources */ = {isa = PBXBuildFile; fileRef = 4CEE0C1E1BE648E00026B344 /* icon_light_normal@2x.png */; };
		4CEE0C541BE648E00026B344 /* icon_light_normal@3x.png in Resources */ = {isa = PBXBuildFile; fileRef = 4CEE0C1F1BE648E00026B344 /* icon_light_normal@3x.png */; };
		4CEE0C551BE648E00026B344 /* icon_make@2x.png in Resources */ = {isa = PBXBuildFile; fileRef = 4CEE0C201BE648E00026B344 /* icon_make@2x.png */; };
		4CEE0C561BE648E00026B344 /* icon_make@3x.png in Resources */ = {isa = PBXBuildFile; fileRef = 4CEE0C211BE648E00026B344 /* icon_make@3x.png */; };
		4CEE0C571BE648E00026B344 /* icon_qrcode@2x.png in Resources */ = {isa = PBXBuildFile; fileRef = 4CEE0C221BE648E00026B344 /* icon_qrcode@2x.png */; };
		4CEE0C581BE648E00026B344 /* icon_qrcode@3x.png in Resources */ = {isa = PBXBuildFile; fileRef = 4CEE0C231BE648E00026B344 /* icon_qrcode@3x.png */; };
		4CEE0C591BE648E00026B344 /* Scanner.m in Sources */ = {isa = PBXBuildFile; fileRef = 4CEE0C261BE648E00026B344 /* Scanner.m */; };
		4CEE0C5A1BE648E00026B344 /* BaseViewController.m in Sources */ = {isa = PBXBuildFile; fileRef = 4CEE0C291BE648E00026B344 /* BaseViewController.m */; };
		4CEE0C5B1BE648E00026B344 /* Cell.m in Sources */ = {isa = PBXBuildFile; fileRef = 4CEE0C2B1BE648E00026B344 /* Cell.m */; };
		4CEE0C5C1BE648E00026B344 /* Cell.xib in Resources */ = {isa = PBXBuildFile; fileRef = 4CEE0C2C1BE648E00026B344 /* Cell.xib */; };
		4CEE0C5D1BE648E00026B344 /* HistoryViewController.m in Sources */ = {isa = PBXBuildFile; fileRef = 4CEE0C2F1BE648E00026B344 /* HistoryViewController.m */; };
		4CEE0C5E1BE648E00026B344 /* HistoryViewController.xib in Resources */ = {isa = PBXBuildFile; fileRef = 4CEE0C301BE648E00026B344 /* HistoryViewController.xib */; };
		4CEE0C5F1BE648E00026B344 /* InfoViewController.m in Sources */ = {isa = PBXBuildFile; fileRef = 4CEE0C331BE648E00026B344 /* InfoViewController.m */; };
		4CEE0C601BE648E00026B344 /* InfoViewController.xib in Resources */ = {isa = PBXBuildFile; fileRef = 4CEE0C341BE648E00026B344 /* InfoViewController.xib */; };
		4CEE0C611BE648E00026B344 /* MakerViewController.m in Sources */ = {isa = PBXBuildFile; fileRef = 4CEE0C371BE648E00026B344 /* MakerViewController.m */; };
		4CEE0C621BE648E00026B344 /* MakerViewController.xib in Resources */ = {isa = PBXBuildFile; fileRef = 4CEE0C381BE648E00026B344 /* MakerViewController.xib */; };
		4CEE0C631BE648E00026B344 /* ScanViewController.m in Sources */ = {isa = PBXBuildFile; fileRef = 4CEE0C3B1BE648E00026B344 /* ScanViewController.m */; };
		4CEE0C641BE648E00026B344 /* ScanViewController.xib in Resources */ = {isa = PBXBuildFile; fileRef = 4CEE0C3C1BE648E00026B344 /* ScanViewController.xib */; };
		4CEE0C651BE648E00026B344 /* ImagePickerController.m in Sources */ = {isa = PBXBuildFile; fileRef = 4CEE0C3F1BE648E00026B344 /* ImagePickerController.m */; };
		4CEE0C661BE648E00026B344 /* JKAlert.m in Sources */ = {isa = PBXBuildFile; fileRef = 4CEE0C421BE648E00026B344 /* JKAlert.m */; };
		4CEE0C671BE648E00026B344 /* JKToast.m in Sources */ = {isa = PBXBuildFile; fileRef = 4CEE0C451BE648E00026B344 /* JKToast.m */; };
		4CEE0C6A1BE64A3E0026B344 /* libz.tbd in Frameworks */ = {isa = PBXBuildFile; fileRef = 4CEE0C691BE64A3E0026B344 /* libz.tbd */; };
		4CEE0C6D1BE64B690026B344 /* ZCScannerTableViewController.m in Sources */ = {isa = PBXBuildFile; fileRef = 4CEE0C6C1BE64B690026B344 /* ZCScannerTableViewController.m */; };
		4CEFB4CA1BE1AA67000CD045 /* ZCPhoneNumberTableViewController.m in Sources */ = {isa = PBXBuildFile; fileRef = 4CEFB4C91BE1AA67000CD045 /* ZCPhoneNumberTableViewController.m */; };
		4CEFB5141BE1BCEC000CD045 /* ZCIPSearchTableViewController.m in Sources */ = {isa = PBXBuildFile; fileRef = 4CEFB5131BE1BCEC000CD045 /* ZCIPSearchTableViewController.m */; };
		4CF8DB3D1BD886D0006853CB /* ZCMainCollectionViewController.m in Sources */ = {isa = PBXBuildFile; fileRef = 4CF8DB3C1BD886D0006853CB /* ZCMainCollectionViewController.m */; };
		4CF8DB411BD88949006853CB /* ZCWeatherCell.m in Sources */ = {isa = PBXBuildFile; fileRef = 4CF8DB3F1BD88949006853CB /* ZCWeatherCell.m */; };
		4CF8DB421BD88949006853CB /* ZCWeatherCell.xib in Resources */ = {isa = PBXBuildFile; fileRef = 4CF8DB401BD88949006853CB /* ZCWeatherCell.xib */; };
		4CF8DB4A1BD88F1B006853CB /* ZCItemCell.m in Sources */ = {isa = PBXBuildFile; fileRef = 4CF8DB481BD88F1B006853CB /* ZCItemCell.m */; };
		4CF8DB4B1BD88F1B006853CB /* ZCItemCell.xib in Resources */ = {isa = PBXBuildFile; fileRef = 4CF8DB491BD88F1B006853CB /* ZCItemCell.xib */; };
		4CF8DB4E1BD8909C006853CB /* ZCItemModel.m in Sources */ = {isa = PBXBuildFile; fileRef = 4CF8DB4D1BD8909C006853CB /* ZCItemModel.m */; };
		4CF8DB511BD8B396006853CB /* ZCSectionModel.m in Sources */ = {isa = PBXBuildFile; fileRef = 4CF8DB501BD8B396006853CB /* ZCSectionModel.m */; };
		4CF8DB581BD8C81A006853CB /* ZCHeaderViewCell.m in Sources */ = {isa = PBXBuildFile; fileRef = 4CF8DB561BD8C81A006853CB /* ZCHeaderViewCell.m */; };
		4CF8DB591BD8C81A006853CB /* ZCHeaderViewCell.xib in Resources */ = {isa = PBXBuildFile; fileRef = 4CF8DB571BD8C81A006853CB /* ZCHeaderViewCell.xib */; };
		4CF8DB5F1BD8D130006853CB /* CSStickyHeaderFlowLayout.m in Sources */ = {isa = PBXBuildFile; fileRef = 4CF8DB5C1BD8D130006853CB /* CSStickyHeaderFlowLayout.m */; };
		4CF8DB601BD8D130006853CB /* CSStickyHeaderFlowLayoutAttributes.m in Sources */ = {isa = PBXBuildFile; fileRef = 4CF8DB5E1BD8D130006853CB /* CSStickyHeaderFlowLayoutAttributes.m */; };
		4CF8DC351BD919B7006853CB /* Assets.xcassets in Resources */ = {isa = PBXBuildFile; fileRef = 4CF8DC341BD919B7006853CB /* Assets.xcassets */; };
/* End PBXBuildFile section */

/* Begin PBXContainerItemProxy section */
		4CDBCB961BD789B900310898 /* PBXContainerItemProxy */ = {
			isa = PBXContainerItemProxy;
			containerPortal = 4CDBCB741BD789B900310898 /* Project object */;
			proxyType = 1;
			remoteGlobalIDString = 4CDBCB7B1BD789B900310898;
			remoteInfo = "生活百事通";
		};
		4CDBCBA11BD789B900310898 /* PBXContainerItemProxy */ = {
			isa = PBXContainerItemProxy;
			containerPortal = 4CDBCB741BD789B900310898 /* Project object */;
			proxyType = 1;
			remoteGlobalIDString = 4CDBCB7B1BD789B900310898;
			remoteInfo = "生活百事通";
		};
/* End PBXContainerItemProxy section */

/* Begin PBXFileReference section */
		251DFC58E0597ADDE2A5A462 /* Pods.debug.xcconfig */ = {isa = PBXFileReference; includeInIndex = 1; lastKnownFileType = text.xcconfig; name = Pods.debug.xcconfig; path = "Pods/Target Support Files/Pods/Pods.debug.xcconfig"; sourceTree = "<group>"; };
		4C14E9F01BE0C25C00B2C4CB /* ZCIDCardSearchTableViewController.h */ = {isa = PBXFileReference; fileEncoding = 4; lastKnownFileType = sourcecode.c.h; path = ZCIDCardSearchTableViewController.h; sourceTree = "<group>"; };
		4C14E9F11BE0C25C00B2C4CB /* ZCIDCardSearchTableViewController.m */ = {isa = PBXFileReference; fileEncoding = 4; lastKnownFileType = sourcecode.c.objc; path = ZCIDCardSearchTableViewController.m; sourceTree = "<group>"; };
		4C14EAE21BE0F1F300B2C4CB /* ZCSubtitleItem.h */ = {isa = PBXFileReference; fileEncoding = 4; lastKnownFileType = sourcecode.c.h; path = ZCSubtitleItem.h; sourceTree = "<group>"; };
		4C14EAE31BE0F1F300B2C4CB /* ZCSubtitleItem.m */ = {isa = PBXFileReference; fileEncoding = 4; lastKnownFileType = sourcecode.c.objc; path = ZCSubtitleItem.m; sourceTree = "<group>"; };
		4C17CBFA1BEA425100CB7269 /* ZCAreaCodeTableViewController.h */ = {isa = PBXFileReference; fileEncoding = 4; lastKnownFileType = sourcecode.c.h; path = ZCAreaCodeTableViewController.h; sourceTree = "<group>"; };
		4C17CBFB1BEA425100CB7269 /* ZCAreaCodeTableViewController.m */ = {isa = PBXFileReference; fileEncoding = 4; lastKnownFileType = sourcecode.c.objc; path = ZCAreaCodeTableViewController.m; sourceTree = "<group>"; };
		4C3631851BDA566D0010C0CC /* ZCHttpRequestTool.h */ = {isa = PBXFileReference; fileEncoding = 4; lastKnownFileType = sourcecode.c.h; name = ZCHttpRequestTool.h; path = "生活百事通/ZCHttpRequestTool.h"; sourceTree = "<group>"; };
		4C3631861BDA566D0010C0CC /* ZCHttpRequestTool.m */ = {isa = PBXFileReference; fileEncoding = 4; lastKnownFileType = sourcecode.c.objc; name = ZCHttpRequestTool.m; path = "生活百事通/ZCHttpRequestTool.m"; sourceTree = "<group>"; };
		4C3631881BDA5ECC0010C0CC /* ZCSearchHttpRequest.h */ = {isa = PBXFileReference; fileEncoding = 4; lastKnownFileType = sourcecode.c.h; path = ZCSearchHttpRequest.h; sourceTree = "<group>"; };
		4C3631891BDA5ECC0010C0CC /* ZCSearchHttpRequest.m */ = {isa = PBXFileReference; fileEncoding = 4; lastKnownFileType = sourcecode.c.objc; path = ZCSearchHttpRequest.m; sourceTree = "<group>"; };
		4C4A28EE1BE211A3003E9E5E /* ZCCurrencyTableViewController.h */ = {isa = PBXFileReference; fileEncoding = 4; lastKnownFileType = sourcecode.c.h; path = ZCCurrencyTableViewController.h; sourceTree = "<group>"; };
		4C4A28EF1BE211A3003E9E5E /* ZCCurrencyTableViewController.m */ = {isa = PBXFileReference; fileEncoding = 4; lastKnownFileType = sourcecode.c.objc; path = ZCCurrencyTableViewController.m; sourceTree = "<group>"; };
		4C4A28F51BE21B89003E9E5E /* CurrencyCode.plist */ = {isa = PBXFileReference; fileEncoding = 4; lastKnownFileType = text.plist.xml; path = CurrencyCode.plist; sourceTree = "<group>"; };
		4C5863301BE39C4C00E75DC9 /* ZCSearchTableViewController.h */ = {isa = PBXFileReference; fileEncoding = 4; lastKnownFileType = sourcecode.c.h; path = ZCSearchTableViewController.h; sourceTree = "<group>"; };
		4C5863311BE39C4C00E75DC9 /* ZCSearchTableViewController.m */ = {isa = PBXFileReference; fileEncoding = 4; lastKnownFileType = sourcecode.c.objc; path = ZCSearchTableViewController.m; sourceTree = "<group>"; };
		4C6894B41BEB3D52005B4AC7 /* ZCMapSearchViewController.h */ = {isa = PBXFileReference; fileEncoding = 4; lastKnownFileType = sourcecode.c.h; path = ZCMapSearchViewController.h; sourceTree = "<group>"; };
		4C6894B51BEB3D52005B4AC7 /* ZCMapSearchViewController.m */ = {isa = PBXFileReference; fileEncoding = 4; lastKnownFileType = sourcecode.c.objc; path = ZCMapSearchViewController.m; sourceTree = "<group>"; };
		4C6894B71BEB3D79005B4AC7 /* AMapSearchKit.framework */ = {isa = PBXFileReference; lastKnownFileType = wrapper.framework; path = AMapSearchKit.framework; sourceTree = "<group>"; };
		4C6B33C31BD7967F00475586 /* ZCRootViewController.h */ = {isa = PBXFileReference; fileEncoding = 4; lastKnownFileType = sourcecode.c.h; path = ZCRootViewController.h; sourceTree = "<group>"; };
		4C6B33C41BD7967F00475586 /* ZCRootViewController.m */ = {isa = PBXFileReference; fileEncoding = 4; lastKnownFileType = sourcecode.c.objc; path = ZCRootViewController.m; sourceTree = "<group>"; };
		4C6B33C91BD7B6CD00475586 /* ZCHeader.h */ = {isa = PBXFileReference; fileEncoding = 4; lastKnownFileType = sourcecode.c.h; name = ZCHeader.h; path = "生活百事通/ZCHeader.h"; sourceTree = "<group>"; };
		4C6B33D91BD7BEE200475586 /* UIButton+ZCQuickCreateButton.h */ = {isa = PBXFileReference; fileEncoding = 4; lastKnownFileType = sourcecode.c.h; path = "UIButton+ZCQuickCreateButton.h"; sourceTree = "<group>"; };
		4C6B33DA1BD7BEE200475586 /* UIButton+ZCQuickCreateButton.m */ = {isa = PBXFileReference; fileEncoding = 4; lastKnownFileType = sourcecode.c.objc; path = "UIButton+ZCQuickCreateButton.m"; sourceTree = "<group>"; };
		4C9B47931BDE06CB0030B947 /* ZCCitiesTableViewController.h */ = {isa = PBXFileReference; fileEncoding = 4; lastKnownFileType = sourcecode.c.h; path = ZCCitiesTableViewController.h; sourceTree = "<group>"; };
		4C9B47941BDE06CB0030B947 /* ZCCitiesTableViewController.m */ = {isa = PBXFileReference; fileEncoding = 4; lastKnownFileType = sourcecode.c.objc; path = ZCCitiesTableViewController.m; sourceTree = "<group>"; };
		4C9B47961BDE09450030B947 /* Categories.plist */ = {isa = PBXFileReference; fileEncoding = 4; lastKnownFileType = text.plist.xml; path = Categories.plist; sourceTree = "<group>"; };
		4C9B47971BDE09450030B947 /* Categoriesaaa.plist */ = {isa = PBXFileReference; fileEncoding = 4; lastKnownFileType = text.plist.xml; path = Categoriesaaa.plist; sourceTree = "<group>"; };
		4C9B47981BDE09450030B947 /* Cities.plist */ = {isa = PBXFileReference; fileEncoding = 4; lastKnownFileType = text.plist.xml; path = Cities.plist; sourceTree = "<group>"; };
		4C9B479A1BDE09450030B947 /* Orders.plist */ = {isa = PBXFileReference; fileEncoding = 4; lastKnownFileType = text.plist.xml; path = Orders.plist; sourceTree = "<group>"; };
		4C9B479B1BDE09450030B947 /* ProvincesAndCities.plist */ = {isa = PBXFileReference; fileEncoding = 4; lastKnownFileType = text.plist.xml; path = ProvincesAndCities.plist; sourceTree = "<group>"; };
		4CAEF1761BE6534200A2726B /* DateManager.h */ = {isa = PBXFileReference; fileEncoding = 4; lastKnownFileType = sourcecode.c.h; path = DateManager.h; sourceTree = "<group>"; };
		4CAEF1771BE6534200A2726B /* DateManager.m */ = {isa = PBXFileReference; fileEncoding = 4; lastKnownFileType = sourcecode.c.objc; path = DateManager.m; sourceTree = "<group>"; };
		4CAEF1781BE6534200A2726B /* DBManager.h */ = {isa = PBXFileReference; fileEncoding = 4; lastKnownFileType = sourcecode.c.h; path = DBManager.h; sourceTree = "<group>"; };
		4CAEF1791BE6534200A2726B /* DBManager.m */ = {isa = PBXFileReference; fileEncoding = 4; lastKnownFileType = sourcecode.c.objc; path = DBManager.m; sourceTree = "<group>"; };
		4CAEF17A1BE6534200A2726B /* DBManagerQueue.h */ = {isa = PBXFileReference; fileEncoding = 4; lastKnownFileType = sourcecode.c.h; path = DBManagerQueue.h; sourceTree = "<group>"; };
		4CAEF17B1BE6534200A2726B /* DBManagerQueue.m */ = {isa = PBXFileReference; fileEncoding = 4; lastKnownFileType = sourcecode.c.objc; path = DBManagerQueue.m; sourceTree = "<group>"; };
		4CB0F96D1BEAE3C000C40D16 /* ZCZipcodeTableViewController.h */ = {isa = PBXFileReference; fileEncoding = 4; lastKnownFileType = sourcecode.c.h; path = ZCZipcodeTableViewController.h; sourceTree = "<group>"; };
		4CB0F96E1BEAE3C000C40D16 /* ZCZipcodeTableViewController.m */ = {isa = PBXFileReference; fileEncoding = 4; lastKnownFileType = sourcecode.c.objc; path = ZCZipcodeTableViewController.m; sourceTree = "<group>"; };
		4CB0F9731BEAEC5D00C40D16 /* ZCTrainTableViewController.h */ = {isa = PBXFileReference; fileEncoding = 4; lastKnownFileType = sourcecode.c.h; path = ZCTrainTableViewController.h; sourceTree = "<group>"; };
		4CB0F9741BEAEC5D00C40D16 /* ZCTrainTableViewController.m */ = {isa = PBXFileReference; fileEncoding = 4; lastKnownFileType = sourcecode.c.objc; path = ZCTrainTableViewController.m; sourceTree = "<group>"; };
		4CB0F97E1BEB084500C40D16 /* CoreTelephony.framework */ = {isa = PBXFileReference; lastKnownFileType = wrapper.framework; name = CoreTelephony.framework; path = System/Library/Frameworks/CoreTelephony.framework; sourceTree = SDKROOT; };
		4CB0F9801BEB084D00C40D16 /* Security.framework */ = {isa = PBXFileReference; lastKnownFileType = wrapper.framework; name = Security.framework; path = System/Library/Frameworks/Security.framework; sourceTree = SDKROOT; };
		4CB0F9821BEB085B00C40D16 /* SystemConfiguration.framework */ = {isa = PBXFileReference; lastKnownFileType = wrapper.framework; name = SystemConfiguration.framework; path = System/Library/Frameworks/SystemConfiguration.framework; sourceTree = SDKROOT; };
		4CB0F9841BEB086500C40D16 /* CoreLocation.framework */ = {isa = PBXFileReference; lastKnownFileType = wrapper.framework; name = CoreLocation.framework; path = System/Library/Frameworks/CoreLocation.framework; sourceTree = SDKROOT; };
		4CB0F9861BEB087300C40D16 /* OpenGLES.framework */ = {isa = PBXFileReference; lastKnownFileType = wrapper.framework; name = OpenGLES.framework; path = System/Library/Frameworks/OpenGLES.framework; sourceTree = SDKROOT; };
		4CB0F9881BEB087D00C40D16 /* libstdc++.6.0.9.tbd */ = {isa = PBXFileReference; lastKnownFileType = "sourcecode.text-based-dylib-definition"; name = "libstdc++.6.0.9.tbd"; path = "usr/lib/libstdc++.6.0.9.tbd"; sourceTree = SDKROOT; };
		4CB0F9921BEB32F800C40D16 /* AMap.bundle */ = {isa = PBXFileReference; lastKnownFileType = "wrapper.plug-in"; path = AMap.bundle; sourceTree = "<group>"; };
		4CB0F9931BEB32F800C40D16 /* MAMapKit.framework */ = {isa = PBXFileReference; lastKnownFileType = wrapper.framework; path = MAMapKit.framework; sourceTree = "<group>"; };
		4CB141631BDA24E40060F5A5 /* ZCWeatherModel.h */ = {isa = PBXFileReference; fileEncoding = 4; lastKnownFileType = sourcecode.c.h; path = ZCWeatherModel.h; sourceTree = "<group>"; };
		4CB141641BDA24E40060F5A5 /* ZCWeatherModel.m */ = {isa = PBXFileReference; fileEncoding = 4; lastKnownFileType = sourcecode.c.objc; path = ZCWeatherModel.m; sourceTree = "<group>"; };
		4CB52F711BE79A46009DEEAB /* icon.png */ = {isa = PBXFileReference; lastKnownFileType = image.png; path = icon.png; sourceTree = "<group>"; };
		4CD86B6D1BE8CEFE003BBA80 /* WebKit.framework */ = {isa = PBXFileReference; lastKnownFileType = wrapper.framework; name = WebKit.framework; path = System/Library/Frameworks/WebKit.framework; sourceTree = SDKROOT; };
		4CD86B701BE8DDD2003BBA80 /* ZCNewsViewController.h */ = {isa = PBXFileReference; fileEncoding = 4; lastKnownFileType = sourcecode.c.h; path = ZCNewsViewController.h; sourceTree = "<group>"; };
		4CD86B711BE8DDD2003BBA80 /* ZCNewsViewController.m */ = {isa = PBXFileReference; fileEncoding = 4; lastKnownFileType = sourcecode.c.objc; path = ZCNewsViewController.m; sourceTree = "<group>"; };
		4CD86B731BE8E773003BBA80 /* ZCRevenueTableViewController.h */ = {isa = PBXFileReference; fileEncoding = 4; lastKnownFileType = sourcecode.c.h; path = ZCRevenueTableViewController.h; sourceTree = "<group>"; };
		4CD86B741BE8E773003BBA80 /* ZCRevenueTableViewController.m */ = {isa = PBXFileReference; fileEncoding = 4; lastKnownFileType = sourcecode.c.objc; path = ZCRevenueTableViewController.m; sourceTree = "<group>"; };
		4CDBCB7C1BD789B900310898 /* 生活百事通.app */ = {isa = PBXFileReference; explicitFileType = wrapper.application; includeInIndex = 0; path = "生活百事通.app"; sourceTree = BUILT_PRODUCTS_DIR; };
		4CDBCB801BD789B900310898 /* main.m */ = {isa = PBXFileReference; lastKnownFileType = sourcecode.c.objc; path = main.m; sourceTree = "<group>"; };
		4CDBCB821BD789B900310898 /* ZCAppDelegate.h */ = {isa = PBXFileReference; lastKnownFileType = sourcecode.c.h; path = ZCAppDelegate.h; sourceTree = "<group>"; };
		4CDBCB831BD789B900310898 /* ZCAppDelegate.m */ = {isa = PBXFileReference; lastKnownFileType = sourcecode.c.objc; path = ZCAppDelegate.m; sourceTree = "<group>"; };
		4CDBCB891BD789B900310898 /* Base */ = {isa = PBXFileReference; lastKnownFileType = file.storyboard; name = Base; path = Base.lproj/Main.storyboard; sourceTree = "<group>"; };
		4CDBCB8E1BD789B900310898 /* Base */ = {isa = PBXFileReference; lastKnownFileType = file.storyboard; name = Base; path = Base.lproj/LaunchScreen.storyboard; sourceTree = "<group>"; };
		4CDBCB901BD789B900310898 /* Info.plist */ = {isa = PBXFileReference; lastKnownFileType = text.plist.xml; path = Info.plist; sourceTree = "<group>"; };
		4CDBCB951BD789B900310898 /* 生活百事通Tests.xctest */ = {isa = PBXFileReference; explicitFileType = wrapper.cfbundle; includeInIndex = 0; path = "生活百事通Tests.xctest"; sourceTree = BUILT_PRODUCTS_DIR; };
		4CDBCB991BD789B900310898 /* _____Tests.m */ = {isa = PBXFileReference; lastKnownFileType = sourcecode.c.objc; path = "_____Tests.m"; sourceTree = "<group>"; };
		4CDBCB9B1BD789B900310898 /* Info.plist */ = {isa = PBXFileReference; lastKnownFileType = text.plist.xml; path = Info.plist; sourceTree = "<group>"; };
		4CDBCBA01BD789B900310898 /* 生活百事通UITests.xctest */ = {isa = PBXFileReference; explicitFileType = wrapper.cfbundle; includeInIndex = 0; path = "生活百事通UITests.xctest"; sourceTree = BUILT_PRODUCTS_DIR; };
		4CDBCBA41BD789B900310898 /* _____UITests.m */ = {isa = PBXFileReference; lastKnownFileType = sourcecode.c.objc; path = "_____UITests.m"; sourceTree = "<group>"; };
		4CDBCBA61BD789B900310898 /* Info.plist */ = {isa = PBXFileReference; lastKnownFileType = text.plist.xml; path = Info.plist; sourceTree = "<group>"; };
		4CE27F441BEB561C00FD7567 /* ZCOilTableViewController.h */ = {isa = PBXFileReference; fileEncoding = 4; lastKnownFileType = sourcecode.c.h; path = ZCOilTableViewController.h; sourceTree = "<group>"; };
		4CE27F451BEB561C00FD7567 /* ZCOilTableViewController.m */ = {isa = PBXFileReference; fileEncoding = 4; lastKnownFileType = sourcecode.c.objc; path = ZCOilTableViewController.m; sourceTree = "<group>"; };
		4CE685061BE38A3300D0647C /* ZCBusTableViewController.h */ = {isa = PBXFileReference; fileEncoding = 4; lastKnownFileType = sourcecode.c.h; path = ZCBusTableViewController.h; sourceTree = "<group>"; };
		4CE685071BE38A3400D0647C /* ZCBusTableViewController.m */ = {isa = PBXFileReference; fileEncoding = 4; lastKnownFileType = sourcecode.c.objc; path = ZCBusTableViewController.m; sourceTree = "<group>"; };
		4CE685091BE390A100D0647C /* Bus_Cities.plist */ = {isa = PBXFileReference; fileEncoding = 4; lastKnownFileType = text.plist.xml; path = Bus_Cities.plist; sourceTree = "<group>"; };
		4CEC81C01BE46342000AFF83 /* ZCSearchUrl.h */ = {isa = PBXFileReference; fileEncoding = 4; lastKnownFileType = sourcecode.c.h; path = ZCSearchUrl.h; sourceTree = "<group>"; };
		4CEC81C51BE492BA000AFF83 /* ZCAllToolsCollectionViewController.h */ = {isa = PBXFileReference; fileEncoding = 4; lastKnownFileType = sourcecode.c.h; path = ZCAllToolsCollectionViewController.h; sourceTree = "<group>"; };
		4CEC81C61BE492BA000AFF83 /* ZCAllToolsCollectionViewController.m */ = {isa = PBXFileReference; fileEncoding = 4; lastKnownFileType = sourcecode.c.objc; path = ZCAllToolsCollectionViewController.m; sourceTree = "<group>"; };
		4CEC81C81BE492EC000AFF83 /* ZCMainControllerHeader.h */ = {isa = PBXFileReference; fileEncoding = 4; lastKnownFileType = sourcecode.c.h; path = ZCMainControllerHeader.h; sourceTree = "<group>"; };
		4CEC81C91BE495B0000AFF83 /* ZCAllToolsControllerHeader.h */ = {isa = PBXFileReference; fileEncoding = 4; lastKnownFileType = sourcecode.c.h; path = ZCAllToolsControllerHeader.h; sourceTree = "<group>"; };
		4CECD5331BE9DFC00061CA72 /* ZCExpressTableViewController.h */ = {isa = PBXFileReference; fileEncoding = 4; lastKnownFileType = sourcecode.c.h; path = ZCExpressTableViewController.h; sourceTree = "<group>"; };
		4CECD5341BE9DFC00061CA72 /* ZCExpressTableViewController.m */ = {isa = PBXFileReference; fileEncoding = 4; lastKnownFileType = sourcecode.c.objc; path = ZCExpressTableViewController.m; sourceTree = "<group>"; };
		4CECD5361BE9E0EB0061CA72 /* express.plist */ = {isa = PBXFileReference; fileEncoding = 4; lastKnownFileType = text.plist.xml; path = express.plist; sourceTree = "<group>"; };
		4CECD53B1BE9F9870061CA72 /* TV_Channel.plist */ = {isa = PBXFileReference; fileEncoding = 4; lastKnownFileType = text.plist.xml; path = TV_Channel.plist; sourceTree = "<group>"; };
		4CECD53D1BE9FAE80061CA72 /* ZCTVTableViewController.h */ = {isa = PBXFileReference; fileEncoding = 4; lastKnownFileType = sourcecode.c.h; path = ZCTVTableViewController.h; sourceTree = "<group>"; };
		4CECD53E1BE9FAE80061CA72 /* ZCTVTableViewController.m */ = {isa = PBXFileReference; fileEncoding = 4; lastKnownFileType = sourcecode.c.objc; path = ZCTVTableViewController.m; sourceTree = "<group>"; };
		4CECEC121BE8410600CB0363 /* ZCWikiViewController.h */ = {isa = PBXFileReference; fileEncoding = 4; lastKnownFileType = sourcecode.c.h; path = ZCWikiViewController.h; sourceTree = "<group>"; };
		4CECEC131BE8410600CB0363 /* ZCWikiViewController.m */ = {isa = PBXFileReference; fileEncoding = 4; lastKnownFileType = sourcecode.c.objc; path = ZCWikiViewController.m; sourceTree = "<group>"; };
		4CEE0B991BE614CF0026B344 /* ZCAboutViewController.h */ = {isa = PBXFileReference; fileEncoding = 4; lastKnownFileType = sourcecode.c.h; path = ZCAboutViewController.h; sourceTree = "<group>"; };
		4CEE0B9A1BE614CF0026B344 /* ZCAboutViewController.m */ = {isa = PBXFileReference; fileEncoding = 4; lastKnownFileType = sourcecode.c.objc; path = ZCAboutViewController.m; sourceTree = "<group>"; };
		4CEE0B9B1BE614CF0026B344 /* ZCAboutViewController.xib */ = {isa = PBXFileReference; fileEncoding = 4; lastKnownFileType = file.xib; path = ZCAboutViewController.xib; sourceTree = "<group>"; };
		4CEE0B9C1BE614CF0026B344 /* ZCUserTableViewController.h */ = {isa = PBXFileReference; fileEncoding = 4; lastKnownFileType = sourcecode.c.h; path = ZCUserTableViewController.h; sourceTree = "<group>"; };
		4CEE0B9D1BE614CF0026B344 /* ZCUserTableViewController.m */ = {isa = PBXFileReference; fileEncoding = 4; lastKnownFileType = sourcecode.c.objc; path = ZCUserTableViewController.m; sourceTree = "<group>"; };
		4CEE0C011BE61AFD0026B344 /* libsqlite3.tbd */ = {isa = PBXFileReference; lastKnownFileType = "sourcecode.text-based-dylib-definition"; name = libsqlite3.tbd; path = usr/lib/libsqlite3.tbd; sourceTree = SDKROOT; };
		4CEE0C061BE63D470026B344 /* ZCTabBar.h */ = {isa = PBXFileReference; fileEncoding = 4; lastKnownFileType = sourcecode.c.h; path = ZCTabBar.h; sourceTree = "<group>"; };
		4CEE0C071BE63D470026B344 /* ZCTabBar.m */ = {isa = PBXFileReference; fileEncoding = 4; lastKnownFileType = sourcecode.c.objc; path = ZCTabBar.m; sourceTree = "<group>"; };
		4CEE0C141BE648E00026B344 /* icon_clean@2x.png */ = {isa = PBXFileReference; lastKnownFileType = image.png; path = "icon_clean@2x.png"; sourceTree = "<group>"; };
		4CEE0C151BE648E00026B344 /* icon_clean@3x.png */ = {isa = PBXFileReference; lastKnownFileType = image.png; path = "icon_clean@3x.png"; sourceTree = "<group>"; };
		4CEE0C161BE648E00026B344 /* icon_copy@2x.png */ = {isa = PBXFileReference; lastKnownFileType = image.png; path = "icon_copy@2x.png"; sourceTree = "<group>"; };
		4CEE0C171BE648E00026B344 /* icon_copy@3x.png */ = {isa = PBXFileReference; lastKnownFileType = image.png; path = "icon_copy@3x.png"; sourceTree = "<group>"; };
		4CEE0C181BE648E00026B344 /* icon_done@2x.png */ = {isa = PBXFileReference; lastKnownFileType = image.png; path = "icon_done@2x.png"; sourceTree = "<group>"; };
		4CEE0C191BE648E00026B344 /* icon_done@3x.png */ = {isa = PBXFileReference; lastKnownFileType = image.png; path = "icon_done@3x.png"; sourceTree = "<group>"; };
		4CEE0C1A1BE648E00026B344 /* icon_history@2x.png */ = {isa = PBXFileReference; lastKnownFileType = image.png; path = "icon_history@2x.png"; sourceTree = "<group>"; };
		4CEE0C1B1BE648E00026B344 /* icon_history@3x.png */ = {isa = PBXFileReference; lastKnownFileType = image.png; path = "icon_history@3x.png"; sourceTree = "<group>"; };
		4CEE0C1C1BE648E00026B344 /* icon_light@2x.png */ = {isa = PBXFileReference; lastKnownFileType = image.png; path = "icon_light@2x.png"; sourceTree = "<group>"; };
		4CEE0C1D1BE648E00026B344 /* icon_light@3x.png */ = {isa = PBXFileReference; lastKnownFileType = image.png; path = "icon_light@3x.png"; sourceTree = "<group>"; };
		4CEE0C1E1BE648E00026B344 /* icon_light_normal@2x.png */ = {isa = PBXFileReference; lastKnownFileType = image.png; path = "icon_light_normal@2x.png"; sourceTree = "<group>"; };
		4CEE0C1F1BE648E00026B344 /* icon_light_normal@3x.png */ = {isa = PBXFileReference; lastKnownFileType = image.png; path = "icon_light_normal@3x.png"; sourceTree = "<group>"; };
		4CEE0C201BE648E00026B344 /* icon_make@2x.png */ = {isa = PBXFileReference; lastKnownFileType = image.png; path = "icon_make@2x.png"; sourceTree = "<group>"; };
		4CEE0C211BE648E00026B344 /* icon_make@3x.png */ = {isa = PBXFileReference; lastKnownFileType = image.png; path = "icon_make@3x.png"; sourceTree = "<group>"; };
		4CEE0C221BE648E00026B344 /* icon_qrcode@2x.png */ = {isa = PBXFileReference; lastKnownFileType = image.png; path = "icon_qrcode@2x.png"; sourceTree = "<group>"; };
		4CEE0C231BE648E00026B344 /* icon_qrcode@3x.png */ = {isa = PBXFileReference; lastKnownFileType = image.png; path = "icon_qrcode@3x.png"; sourceTree = "<group>"; };
		4CEE0C251BE648E00026B344 /* Scanner.h */ = {isa = PBXFileReference; fileEncoding = 4; lastKnownFileType = sourcecode.c.h; path = Scanner.h; sourceTree = "<group>"; };
		4CEE0C261BE648E00026B344 /* Scanner.m */ = {isa = PBXFileReference; fileEncoding = 4; lastKnownFileType = sourcecode.c.objc; path = Scanner.m; sourceTree = "<group>"; };
		4CEE0C281BE648E00026B344 /* BaseViewController.h */ = {isa = PBXFileReference; fileEncoding = 4; lastKnownFileType = sourcecode.c.h; path = BaseViewController.h; sourceTree = "<group>"; };
		4CEE0C291BE648E00026B344 /* BaseViewController.m */ = {isa = PBXFileReference; fileEncoding = 4; lastKnownFileType = sourcecode.c.objc; path = BaseViewController.m; sourceTree = "<group>"; };
		4CEE0C2A1BE648E00026B344 /* Cell.h */ = {isa = PBXFileReference; fileEncoding = 4; lastKnownFileType = sourcecode.c.h; path = Cell.h; sourceTree = "<group>"; };
		4CEE0C2B1BE648E00026B344 /* Cell.m */ = {isa = PBXFileReference; fileEncoding = 4; lastKnownFileType = sourcecode.c.objc; path = Cell.m; sourceTree = "<group>"; };
		4CEE0C2C1BE648E00026B344 /* Cell.xib */ = {isa = PBXFileReference; fileEncoding = 4; lastKnownFileType = file.xib; path = Cell.xib; sourceTree = "<group>"; };
		4CEE0C2E1BE648E00026B344 /* HistoryViewController.h */ = {isa = PBXFileReference; fileEncoding = 4; lastKnownFileType = sourcecode.c.h; path = HistoryViewController.h; sourceTree = "<group>"; };
		4CEE0C2F1BE648E00026B344 /* HistoryViewController.m */ = {isa = PBXFileReference; fileEncoding = 4; lastKnownFileType = sourcecode.c.objc; path = HistoryViewController.m; sourceTree = "<group>"; };
		4CEE0C301BE648E00026B344 /* HistoryViewController.xib */ = {isa = PBXFileReference; fileEncoding = 4; lastKnownFileType = file.xib; path = HistoryViewController.xib; sourceTree = "<group>"; };
		4CEE0C321BE648E00026B344 /* InfoViewController.h */ = {isa = PBXFileReference; fileEncoding = 4; lastKnownFileType = sourcecode.c.h; path = InfoViewController.h; sourceTree = "<group>"; };
		4CEE0C331BE648E00026B344 /* InfoViewController.m */ = {isa = PBXFileReference; fileEncoding = 4; lastKnownFileType = sourcecode.c.objc; path = InfoViewController.m; sourceTree = "<group>"; };
		4CEE0C341BE648E00026B344 /* InfoViewController.xib */ = {isa = PBXFileReference; fileEncoding = 4; lastKnownFileType = file.xib; path = InfoViewController.xib; sourceTree = "<group>"; };
		4CEE0C361BE648E00026B344 /* MakerViewController.h */ = {isa = PBXFileReference; fileEncoding = 4; lastKnownFileType = sourcecode.c.h; path = MakerViewController.h; sourceTree = "<group>"; };
		4CEE0C371BE648E00026B344 /* MakerViewController.m */ = {isa = PBXFileReference; fileEncoding = 4; lastKnownFileType = sourcecode.c.objc; path = MakerViewController.m; sourceTree = "<group>"; };
		4CEE0C381BE648E00026B344 /* MakerViewController.xib */ = {isa = PBXFileReference; fileEncoding = 4; lastKnownFileType = file.xib; path = MakerViewController.xib; sourceTree = "<group>"; };
		4CEE0C3A1BE648E00026B344 /* ScanViewController.h */ = {isa = PBXFileReference; fileEncoding = 4; lastKnownFileType = sourcecode.c.h; path = ScanViewController.h; sourceTree = "<group>"; };
		4CEE0C3B1BE648E00026B344 /* ScanViewController.m */ = {isa = PBXFileReference; fileEncoding = 4; lastKnownFileType = sourcecode.c.objc; path = ScanViewController.m; sourceTree = "<group>"; };
		4CEE0C3C1BE648E00026B344 /* ScanViewController.xib */ = {isa = PBXFileReference; fileEncoding = 4; lastKnownFileType = file.xib; path = ScanViewController.xib; sourceTree = "<group>"; };
		4CEE0C3E1BE648E00026B344 /* ImagePickerController.h */ = {isa = PBXFileReference; fileEncoding = 4; lastKnownFileType = sourcecode.c.h; path = ImagePickerController.h; sourceTree = "<group>"; };
		4CEE0C3F1BE648E00026B344 /* ImagePickerController.m */ = {isa = PBXFileReference; fileEncoding = 4; lastKnownFileType = sourcecode.c.objc; path = ImagePickerController.m; sourceTree = "<group>"; };
		4CEE0C411BE648E00026B344 /* JKAlert.h */ = {isa = PBXFileReference; fileEncoding = 4; lastKnownFileType = sourcecode.c.h; path = JKAlert.h; sourceTree = "<group>"; };
		4CEE0C421BE648E00026B344 /* JKAlert.m */ = {isa = PBXFileReference; fileEncoding = 4; lastKnownFileType = sourcecode.c.objc; path = JKAlert.m; sourceTree = "<group>"; };
		4CEE0C441BE648E00026B344 /* JKToast.h */ = {isa = PBXFileReference; fileEncoding = 4; lastKnownFileType = sourcecode.c.h; path = JKToast.h; sourceTree = "<group>"; };
		4CEE0C451BE648E00026B344 /* JKToast.m */ = {isa = PBXFileReference; fileEncoding = 4; lastKnownFileType = sourcecode.c.objc; path = JKToast.m; sourceTree = "<group>"; };
		4CEE0C691BE64A3E0026B344 /* libz.tbd */ = {isa = PBXFileReference; lastKnownFileType = "sourcecode.text-based-dylib-definition"; name = libz.tbd; path = usr/lib/libz.tbd; sourceTree = SDKROOT; };
		4CEE0C6B1BE64B690026B344 /* ZCScannerTableViewController.h */ = {isa = PBXFileReference; fileEncoding = 4; lastKnownFileType = sourcecode.c.h; path = ZCScannerTableViewController.h; sourceTree = "<group>"; };
		4CEE0C6C1BE64B690026B344 /* ZCScannerTableViewController.m */ = {isa = PBXFileReference; fileEncoding = 4; lastKnownFileType = sourcecode.c.objc; path = ZCScannerTableViewController.m; sourceTree = "<group>"; };
		4CEFB4C81BE1AA67000CD045 /* ZCPhoneNumberTableViewController.h */ = {isa = PBXFileReference; fileEncoding = 4; lastKnownFileType = sourcecode.c.h; path = ZCPhoneNumberTableViewController.h; sourceTree = "<group>"; };
		4CEFB4C91BE1AA67000CD045 /* ZCPhoneNumberTableViewController.m */ = {isa = PBXFileReference; fileEncoding = 4; lastKnownFileType = sourcecode.c.objc; path = ZCPhoneNumberTableViewController.m; sourceTree = "<group>"; };
		4CEFB5121BE1BCEC000CD045 /* ZCIPSearchTableViewController.h */ = {isa = PBXFileReference; fileEncoding = 4; lastKnownFileType = sourcecode.c.h; path = ZCIPSearchTableViewController.h; sourceTree = "<group>"; };
		4CEFB5131BE1BCEC000CD045 /* ZCIPSearchTableViewController.m */ = {isa = PBXFileReference; fileEncoding = 4; lastKnownFileType = sourcecode.c.objc; path = ZCIPSearchTableViewController.m; sourceTree = "<group>"; };
		4CF8DB3B1BD886D0006853CB /* ZCMainCollectionViewController.h */ = {isa = PBXFileReference; fileEncoding = 4; lastKnownFileType = sourcecode.c.h; path = ZCMainCollectionViewController.h; sourceTree = "<group>"; };
		4CF8DB3C1BD886D0006853CB /* ZCMainCollectionViewController.m */ = {isa = PBXFileReference; fileEncoding = 4; lastKnownFileType = sourcecode.c.objc; path = ZCMainCollectionViewController.m; sourceTree = "<group>"; };
		4CF8DB3E1BD88949006853CB /* ZCWeatherCell.h */ = {isa = PBXFileReference; fileEncoding = 4; lastKnownFileType = sourcecode.c.h; path = ZCWeatherCell.h; sourceTree = "<group>"; };
		4CF8DB3F1BD88949006853CB /* ZCWeatherCell.m */ = {isa = PBXFileReference; fileEncoding = 4; lastKnownFileType = sourcecode.c.objc; path = ZCWeatherCell.m; sourceTree = "<group>"; };
		4CF8DB401BD88949006853CB /* ZCWeatherCell.xib */ = {isa = PBXFileReference; fileEncoding = 4; lastKnownFileType = file.xib; path = ZCWeatherCell.xib; sourceTree = "<group>"; };
		4CF8DB471BD88F1B006853CB /* ZCItemCell.h */ = {isa = PBXFileReference; fileEncoding = 4; lastKnownFileType = sourcecode.c.h; path = ZCItemCell.h; sourceTree = "<group>"; };
		4CF8DB481BD88F1B006853CB /* ZCItemCell.m */ = {isa = PBXFileReference; fileEncoding = 4; lastKnownFileType = sourcecode.c.objc; path = ZCItemCell.m; sourceTree = "<group>"; };
		4CF8DB491BD88F1B006853CB /* ZCItemCell.xib */ = {isa = PBXFileReference; fileEncoding = 4; lastKnownFileType = file.xib; path = ZCItemCell.xib; sourceTree = "<group>"; };
		4CF8DB4C1BD8909C006853CB /* ZCItemModel.h */ = {isa = PBXFileReference; fileEncoding = 4; lastKnownFileType = sourcecode.c.h; path = ZCItemModel.h; sourceTree = "<group>"; };
		4CF8DB4D1BD8909C006853CB /* ZCItemModel.m */ = {isa = PBXFileReference; fileEncoding = 4; lastKnownFileType = sourcecode.c.objc; path = ZCItemModel.m; sourceTree = "<group>"; };
		4CF8DB4F1BD8B396006853CB /* ZCSectionModel.h */ = {isa = PBXFileReference; fileEncoding = 4; lastKnownFileType = sourcecode.c.h; path = ZCSectionModel.h; sourceTree = "<group>"; };
		4CF8DB501BD8B396006853CB /* ZCSectionModel.m */ = {isa = PBXFileReference; fileEncoding = 4; lastKnownFileType = sourcecode.c.objc; path = ZCSectionModel.m; sourceTree = "<group>"; };
		4CF8DB551BD8C81A006853CB /* ZCHeaderViewCell.h */ = {isa = PBXFileReference; fileEncoding = 4; lastKnownFileType = sourcecode.c.h; path = ZCHeaderViewCell.h; sourceTree = "<group>"; };
		4CF8DB561BD8C81A006853CB /* ZCHeaderViewCell.m */ = {isa = PBXFileReference; fileEncoding = 4; lastKnownFileType = sourcecode.c.objc; path = ZCHeaderViewCell.m; sourceTree = "<group>"; };
		4CF8DB571BD8C81A006853CB /* ZCHeaderViewCell.xib */ = {isa = PBXFileReference; fileEncoding = 4; lastKnownFileType = file.xib; path = ZCHeaderViewCell.xib; sourceTree = "<group>"; };
		4CF8DB5B1BD8D130006853CB /* CSStickyHeaderFlowLayout.h */ = {isa = PBXFileReference; fileEncoding = 4; lastKnownFileType = sourcecode.c.h; path = CSStickyHeaderFlowLayout.h; sourceTree = "<group>"; };
		4CF8DB5C1BD8D130006853CB /* CSStickyHeaderFlowLayout.m */ = {isa = PBXFileReference; fileEncoding = 4; lastKnownFileType = sourcecode.c.objc; path = CSStickyHeaderFlowLayout.m; sourceTree = "<group>"; };
		4CF8DB5D1BD8D130006853CB /* CSStickyHeaderFlowLayoutAttributes.h */ = {isa = PBXFileReference; fileEncoding = 4; lastKnownFileType = sourcecode.c.h; path = CSStickyHeaderFlowLayoutAttributes.h; sourceTree = "<group>"; };
		4CF8DB5E1BD8D130006853CB /* CSStickyHeaderFlowLayoutAttributes.m */ = {isa = PBXFileReference; fileEncoding = 4; lastKnownFileType = sourcecode.c.objc; path = CSStickyHeaderFlowLayoutAttributes.m; sourceTree = "<group>"; };
		4CF8DC341BD919B7006853CB /* Assets.xcassets */ = {isa = PBXFileReference; lastKnownFileType = folder.assetcatalog; path = Assets.xcassets; sourceTree = "<group>"; };
		50BADCC76D016601BC8F1E83 /* Pods.release.xcconfig */ = {isa = PBXFileReference; includeInIndex = 1; lastKnownFileType = text.xcconfig; name = Pods.release.xcconfig; path = "Pods/Target Support Files/Pods/Pods.release.xcconfig"; sourceTree = "<group>"; };
		5B4CC5733144DC4C456482F5 /* libPods.a */ = {isa = PBXFileReference; explicitFileType = archive.ar; includeInIndex = 0; path = libPods.a; sourceTree = BUILT_PRODUCTS_DIR; };
/* End PBXFileReference section */

/* Begin PBXFrameworksBuildPhase section */
		4CDBCB791BD789B900310898 /* Frameworks */ = {
			isa = PBXFrameworksBuildPhase;
			buildActionMask = 2147483647;
			files = (
				4CB0F99B1BEB334100C40D16 /* CoreTelephony.framework in Frameworks */,
				4CB0F99A1BEB333B00C40D16 /* Security.framework in Frameworks */,
				4CB0F9991BEB333700C40D16 /* SystemConfiguration.framework in Frameworks */,
				4CB0F9981BEB332F00C40D16 /* OpenGLES.framework in Frameworks */,
				4CB0F9971BEB332900C40D16 /* CoreLocation.framework in Frameworks */,
				4CB0F9961BEB332300C40D16 /* libstdc++.6.0.9.tbd in Frameworks */,
				4CD86B6F1BE8D00B003BBA80 /* WebKit.framework in Frameworks */,
				4CEE0C6A1BE64A3E0026B344 /* libz.tbd in Frameworks */,
				4C6894B81BEB3D79005B4AC7 /* AMapSearchKit.framework in Frameworks */,
				4CEE0C021BE61AFD0026B344 /* libsqlite3.tbd in Frameworks */,
				3E05AC1E350C813C53788DBF /* libPods.a in Frameworks */,
				4CB0F9951BEB32F800C40D16 /* MAMapKit.framework in Frameworks */,
			);
			runOnlyForDeploymentPostprocessing = 0;
		};
		4CDBCB921BD789B900310898 /* Frameworks */ = {
			isa = PBXFrameworksBuildPhase;
			buildActionMask = 2147483647;
			files = (
			);
			runOnlyForDeploymentPostprocessing = 0;
		};
		4CDBCB9D1BD789B900310898 /* Frameworks */ = {
			isa = PBXFrameworksBuildPhase;
			buildActionMask = 2147483647;
			files = (
			);
			runOnlyForDeploymentPostprocessing = 0;
		};
/* End PBXFrameworksBuildPhase section */

/* Begin PBXGroup section */
		2BBC348098ABD0B4115D1E38 /* Frameworks */ = {
			isa = PBXGroup;
			children = (
				4CB0F9881BEB087D00C40D16 /* libstdc++.6.0.9.tbd */,
				4CB0F9861BEB087300C40D16 /* OpenGLES.framework */,
				4CB0F9841BEB086500C40D16 /* CoreLocation.framework */,
				4CB0F9821BEB085B00C40D16 /* SystemConfiguration.framework */,
				4CB0F9801BEB084D00C40D16 /* Security.framework */,
				4CB0F97E1BEB084500C40D16 /* CoreTelephony.framework */,
				4CD86B6D1BE8CEFE003BBA80 /* WebKit.framework */,
				4CEE0C691BE64A3E0026B344 /* libz.tbd */,
				4CEE0C011BE61AFD0026B344 /* libsqlite3.tbd */,
				5B4CC5733144DC4C456482F5 /* libPods.a */,
			);
			name = Frameworks;
			sourceTree = "<group>";
		};
		4C14E9EE1BE0C20000B2C4CB /* 主页面 */ = {
			isa = PBXGroup;
			children = (
				4CEC81C81BE492EC000AFF83 /* ZCMainControllerHeader.h */,
				4CF8DB3B1BD886D0006853CB /* ZCMainCollectionViewController.h */,
				4CF8DB3C1BD886D0006853CB /* ZCMainCollectionViewController.m */,
				4C9B47931BDE06CB0030B947 /* ZCCitiesTableViewController.h */,
				4C9B47941BDE06CB0030B947 /* ZCCitiesTableViewController.m */,
			);
			name = "主页面";
			sourceTree = "<group>";
		};
		4C14E9EF1BE0C21400B2C4CB /* 查询功能（二级页面） */ = {
			isa = PBXGroup;
			children = (
				4C4A28ED1BE21186003E9E5E /* 生活查询 */,
				4C73D0931BE4C46B00A0CFE2 /* 金融相关 */,
				4C73D0941BE4C48500A0CFE2 /* 必备技能 */,
			);
			name = "查询功能（二级页面）";
			sourceTree = "<group>";
		};
		4C14EAE11BE0F1C800B2C4CB /* ZC */ = {
			isa = PBXGroup;
			children = (
				4C6B33C91BD7B6CD00475586 /* ZCHeader.h */,
				4C6B33D91BD7BEE200475586 /* UIButton+ZCQuickCreateButton.h */,
				4C6B33DA1BD7BEE200475586 /* UIButton+ZCQuickCreateButton.m */,
				4C3631851BDA566D0010C0CC /* ZCHttpRequestTool.h */,
				4C3631861BDA566D0010C0CC /* ZCHttpRequestTool.m */,
				4C14EAE21BE0F1F300B2C4CB /* ZCSubtitleItem.h */,
				4C14EAE31BE0F1F300B2C4CB /* ZCSubtitleItem.m */,
			);
			name = ZC;
			sourceTree = "<group>";
		};
		4C3631841BDA55B00010C0CC /* Public(公用) */ = {
			isa = PBXGroup;
			children = (
				4CEC81C01BE46342000AFF83 /* ZCSearchUrl.h */,
				4C3631881BDA5ECC0010C0CC /* ZCSearchHttpRequest.h */,
				4C3631891BDA5ECC0010C0CC /* ZCSearchHttpRequest.m */,
				4C5863301BE39C4C00E75DC9 /* ZCSearchTableViewController.h */,
				4C5863311BE39C4C00E75DC9 /* ZCSearchTableViewController.m */,
			);
			name = "Public(公用)";
			sourceTree = "<group>";
		};
		4C4A28ED1BE21186003E9E5E /* 生活查询 */ = {
			isa = PBXGroup;
			children = (
				4C14E9F01BE0C25C00B2C4CB /* ZCIDCardSearchTableViewController.h */,
				4C14E9F11BE0C25C00B2C4CB /* ZCIDCardSearchTableViewController.m */,
				4CEFB4C81BE1AA67000CD045 /* ZCPhoneNumberTableViewController.h */,
				4CEFB4C91BE1AA67000CD045 /* ZCPhoneNumberTableViewController.m */,
				4CEFB5121BE1BCEC000CD045 /* ZCIPSearchTableViewController.h */,
				4CEFB5131BE1BCEC000CD045 /* ZCIPSearchTableViewController.m */,
			);
			name = "生活查询";
			sourceTree = "<group>";
		};
		4C6B33C01BD7963800475586 /* resource */ = {
			isa = PBXGroup;
			children = (
				4CB52F711BE79A46009DEEAB /* icon.png */,
			);
			name = resource;
			sourceTree = "<group>";
		};
		4C6B33C11BD7964500475586 /* lib */ = {
			isa = PBXGroup;
			children = (
				4C6894B71BEB3D79005B4AC7 /* AMapSearchKit.framework */,
				4CB0F9921BEB32F800C40D16 /* AMap.bundle */,
				4CB0F9931BEB32F800C40D16 /* MAMapKit.framework */,
				4CF8DB5A1BD8D130006853CB /* CSStickyHeaderFlowLayout */,
				4C14EAE11BE0F1C800B2C4CB /* ZC */,
			);
			name = lib;
			sourceTree = "<group>";
		};
		4C6B33C21BD7964B00475586 /* Application */ = {
			isa = PBXGroup;
			children = (
				4CDBCB821BD789B900310898 /* ZCAppDelegate.h */,
				4CDBCB831BD789B900310898 /* ZCAppDelegate.m */,
				4CDBCB881BD789B900310898 /* Main.storyboard */,
				4CF8DC341BD919B7006853CB /* Assets.xcassets */,
				4CDBCB8D1BD789B900310898 /* LaunchScreen.storyboard */,
				4CDBCB901BD789B900310898 /* Info.plist */,
			);
			name = Application;
			sourceTree = "<group>";
		};
		4C6B33C61BD7968700475586 /* Root */ = {
			isa = PBXGroup;
			children = (
				4C6B33C31BD7967F00475586 /* ZCRootViewController.h */,
				4C6B33C41BD7967F00475586 /* ZCRootViewController.m */,
			);
			name = Root;
			sourceTree = "<group>";
		};
		4C6B33D21BD7B9C700475586 /* tabbar */ = {
			isa = PBXGroup;
			children = (
				4CEE0C061BE63D470026B344 /* ZCTabBar.h */,
				4CEE0C071BE63D470026B344 /* ZCTabBar.m */,
			);
			name = tabbar;
			sourceTree = "<group>";
		};
		4C73D0931BE4C46B00A0CFE2 /* 金融相关 */ = {
			isa = PBXGroup;
			children = (
				4C4A28EE1BE211A3003E9E5E /* ZCCurrencyTableViewController.h */,
				4C4A28EF1BE211A3003E9E5E /* ZCCurrencyTableViewController.m */,
				4CD86B731BE8E773003BBA80 /* ZCRevenueTableViewController.h */,
				4CD86B741BE8E773003BBA80 /* ZCRevenueTableViewController.m */,
			);
			name = "金融相关";
			sourceTree = "<group>";
		};
		4C73D0941BE4C48500A0CFE2 /* 必备技能 */ = {
			isa = PBXGroup;
			children = (
				4CE685061BE38A3300D0647C /* ZCBusTableViewController.h */,
				4CE685071BE38A3400D0647C /* ZCBusTableViewController.m */,
				4CEE0C6B1BE64B690026B344 /* ZCScannerTableViewController.h */,
				4CEE0C6C1BE64B690026B344 /* ZCScannerTableViewController.m */,
				4CEE0C681BE648F80026B344 /* ZCScan */,
			);
			name = "必备技能";
			sourceTree = "<group>";
		};
		4CAEF1751BE6534200A2726B /* Manager */ = {
			isa = PBXGroup;
			children = (
				4CAEF1761BE6534200A2726B /* DateManager.h */,
				4CAEF1771BE6534200A2726B /* DateManager.m */,
				4CAEF1781BE6534200A2726B /* DBManager.h */,
				4CAEF1791BE6534200A2726B /* DBManager.m */,
				4CAEF17A1BE6534200A2726B /* DBManagerQueue.h */,
				4CAEF17B1BE6534200A2726B /* DBManagerQueue.m */,
			);
			path = Manager;
			sourceTree = "<group>";
		};
		4CB0F9701BEAEBC400C40D16 /* 出行必备 */ = {
			isa = PBXGroup;
			children = (
				4CB0F9731BEAEC5D00C40D16 /* ZCTrainTableViewController.h */,
				4CB0F9741BEAEC5D00C40D16 /* ZCTrainTableViewController.m */,
				4CE27F441BEB561C00FD7567 /* ZCOilTableViewController.h */,
				4CE27F451BEB561C00FD7567 /* ZCOilTableViewController.m */,
			);
			name = "出行必备";
			sourceTree = "<group>";
		};
		4CB0F9711BEAEBDA00C40D16 /* 知识技能 */ = {
			isa = PBXGroup;
			children = (
				4CECEC121BE8410600CB0363 /* ZCWikiViewController.h */,
				4CECEC131BE8410600CB0363 /* ZCWikiViewController.m */,
				4CD86B701BE8DDD2003BBA80 /* ZCNewsViewController.h */,
				4CD86B711BE8DDD2003BBA80 /* ZCNewsViewController.m */,
			);
			name = "知识技能";
			sourceTree = "<group>";
		};
		4CB0F9721BEAEBDF00C40D16 /* 投资理财 */ = {
			isa = PBXGroup;
			children = (
			);
			name = "投资理财";
			sourceTree = "<group>";
		};
		4CB0F9761BEAFFD900C40D16 /* Map(地图) */ = {
			isa = PBXGroup;
			children = (
				4C6894B41BEB3D52005B4AC7 /* ZCMapSearchViewController.h */,
				4C6894B51BEB3D52005B4AC7 /* ZCMapSearchViewController.m */,
			);
			name = "Map(地图)";
			sourceTree = "<group>";
		};
		4CBB8C121BE4DD97002732E5 /* 主页面 */ = {
			isa = PBXGroup;
			children = (
				4CEC81C91BE495B0000AFF83 /* ZCAllToolsControllerHeader.h */,
				4CEC81C51BE492BA000AFF83 /* ZCAllToolsCollectionViewController.h */,
				4CEC81C61BE492BA000AFF83 /* ZCAllToolsCollectionViewController.m */,
			);
			name = "主页面";
			sourceTree = "<group>";
		};
		4CBB8C131BE4DE12002732E5 /* 各类功能(二级页面) */ = {
			isa = PBXGroup;
			children = (
				4CECD5321BE9DFAF0061CA72 /* 生活常用 */,
				4CB0F9701BEAEBC400C40D16 /* 出行必备 */,
				4CB0F9711BEAEBDA00C40D16 /* 知识技能 */,
				4CB0F9721BEAEBDF00C40D16 /* 投资理财 */,
			);
			name = "各类功能(二级页面)";
			sourceTree = "<group>";
		};
		4CDBCB731BD789B900310898 = {
			isa = PBXGroup;
			children = (
				4C6B33C11BD7964500475586 /* lib */,
				4C6B33C01BD7963800475586 /* resource */,
				4CDBCB7E1BD789B900310898 /* 生活百事通 */,
				4CDBCB981BD789B900310898 /* 生活百事通Tests */,
				4CDBCBA31BD789B900310898 /* 生活百事通UITests */,
				4CDBCB7D1BD789B900310898 /* Products */,
				B83FAB201D0ED7AFF513CF95 /* Pods */,
				2BBC348098ABD0B4115D1E38 /* Frameworks */,
			);
			sourceTree = "<group>";
		};
		4CDBCB7D1BD789B900310898 /* Products */ = {
			isa = PBXGroup;
			children = (
				4CDBCB7C1BD789B900310898 /* 生活百事通.app */,
				4CDBCB951BD789B900310898 /* 生活百事通Tests.xctest */,
				4CDBCBA01BD789B900310898 /* 生活百事通UITests.xctest */,
			);
			name = Products;
			sourceTree = "<group>";
		};
		4CDBCB7E1BD789B900310898 /* 生活百事通 */ = {
			isa = PBXGroup;
			children = (
				4C3631841BDA55B00010C0CC /* Public(公用) */,
				4CF8DB371BD87050006853CB /* Main(生活) */,
				4CB0F9761BEAFFD900C40D16 /* Map(地图) */,
				4CEC81C11BE490AF000AFF83 /* AllTools(工具) */,
				4CEE0B981BE614AF0026B344 /* User(我的) */,
				4C6B33C61BD7968700475586 /* Root */,
				4C6B33D21BD7B9C700475586 /* tabbar */,
				4C6B33C21BD7964B00475586 /* Application */,
				4CDBCB7F1BD789B900310898 /* Supporting Files */,
			);
			path = "生活百事通";
			sourceTree = "<group>";
		};
		4CDBCB7F1BD789B900310898 /* Supporting Files */ = {
			isa = PBXGroup;
			children = (
				4CECD53B1BE9F9870061CA72 /* TV_Channel.plist */,
				4C9B47961BDE09450030B947 /* Categories.plist */,
				4C9B47971BDE09450030B947 /* Categoriesaaa.plist */,
				4C9B47981BDE09450030B947 /* Cities.plist */,
				4C4A28F51BE21B89003E9E5E /* CurrencyCode.plist */,
				4C9B479A1BDE09450030B947 /* Orders.plist */,
				4CE685091BE390A100D0647C /* Bus_Cities.plist */,
				4CECD5361BE9E0EB0061CA72 /* express.plist */,
				4C9B479B1BDE09450030B947 /* ProvincesAndCities.plist */,
				4CDBCB801BD789B900310898 /* main.m */,
			);
			name = "Supporting Files";
			sourceTree = "<group>";
		};
		4CDBCB981BD789B900310898 /* 生活百事通Tests */ = {
			isa = PBXGroup;
			children = (
				4CDBCB991BD789B900310898 /* _____Tests.m */,
				4CDBCB9B1BD789B900310898 /* Info.plist */,
			);
			path = "生活百事通Tests";
			sourceTree = "<group>";
		};
		4CDBCBA31BD789B900310898 /* 生活百事通UITests */ = {
			isa = PBXGroup;
			children = (
				4CDBCBA41BD789B900310898 /* _____UITests.m */,
				4CDBCBA61BD789B900310898 /* Info.plist */,
			);
			path = "生活百事通UITests";
			sourceTree = "<group>";
		};
		4CEC81C11BE490AF000AFF83 /* AllTools(工具) */ = {
			isa = PBXGroup;
			children = (
				4CEC81C41BE4928B000AFF83 /* Model */,
				4CEC81C31BE49284000AFF83 /* View */,
				4CEC81C21BE49276000AFF83 /* Controller */,
			);
			name = "AllTools(工具)";
			sourceTree = "<group>";
		};
		4CEC81C21BE49276000AFF83 /* Controller */ = {
			isa = PBXGroup;
			children = (
				4CBB8C121BE4DD97002732E5 /* 主页面 */,
				4CBB8C131BE4DE12002732E5 /* 各类功能(二级页面) */,
			);
			name = Controller;
			sourceTree = "<group>";
		};
		4CEC81C31BE49284000AFF83 /* View */ = {
			isa = PBXGroup;
			children = (
			);
			name = View;
			sourceTree = "<group>";
		};
		4CEC81C41BE4928B000AFF83 /* Model */ = {
			isa = PBXGroup;
			children = (
			);
			name = Model;
			sourceTree = "<group>";
		};
		4CECD5321BE9DFAF0061CA72 /* 生活常用 */ = {
			isa = PBXGroup;
			children = (
				4CECD5331BE9DFC00061CA72 /* ZCExpressTableViewController.h */,
				4CECD5341BE9DFC00061CA72 /* ZCExpressTableViewController.m */,
				4CECD53D1BE9FAE80061CA72 /* ZCTVTableViewController.h */,
				4CECD53E1BE9FAE80061CA72 /* ZCTVTableViewController.m */,
				4C17CBFA1BEA425100CB7269 /* ZCAreaCodeTableViewController.h */,
				4C17CBFB1BEA425100CB7269 /* ZCAreaCodeTableViewController.m */,
				4CB0F96D1BEAE3C000C40D16 /* ZCZipcodeTableViewController.h */,
				4CB0F96E1BEAE3C000C40D16 /* ZCZipcodeTableViewController.m */,
			);
			name = "生活常用";
			sourceTree = "<group>";
		};
		4CEE0B981BE614AF0026B344 /* User(我的) */ = {
			isa = PBXGroup;
			children = (
				4CEE0B991BE614CF0026B344 /* ZCAboutViewController.h */,
				4CEE0B9A1BE614CF0026B344 /* ZCAboutViewController.m */,
				4CEE0B9B1BE614CF0026B344 /* ZCAboutViewController.xib */,
				4CEE0B9C1BE614CF0026B344 /* ZCUserTableViewController.h */,
				4CEE0B9D1BE614CF0026B344 /* ZCUserTableViewController.m */,
			);
			name = "User(我的)";
			sourceTree = "<group>";
		};
		4CEE0C131BE648E00026B344 /* Image */ = {
			isa = PBXGroup;
			children = (
				4CEE0C141BE648E00026B344 /* icon_clean@2x.png */,
				4CEE0C151BE648E00026B344 /* icon_clean@3x.png */,
				4CEE0C161BE648E00026B344 /* icon_copy@2x.png */,
				4CEE0C171BE648E00026B344 /* icon_copy@3x.png */,
				4CEE0C181BE648E00026B344 /* icon_done@2x.png */,
				4CEE0C191BE648E00026B344 /* icon_done@3x.png */,
				4CEE0C1A1BE648E00026B344 /* icon_history@2x.png */,
				4CEE0C1B1BE648E00026B344 /* icon_history@3x.png */,
				4CEE0C1C1BE648E00026B344 /* icon_light@2x.png */,
				4CEE0C1D1BE648E00026B344 /* icon_light@3x.png */,
				4CEE0C1E1BE648E00026B344 /* icon_light_normal@2x.png */,
				4CEE0C1F1BE648E00026B344 /* icon_light_normal@3x.png */,
				4CEE0C201BE648E00026B344 /* icon_make@2x.png */,
				4CEE0C211BE648E00026B344 /* icon_make@3x.png */,
				4CEE0C221BE648E00026B344 /* icon_qrcode@2x.png */,
				4CEE0C231BE648E00026B344 /* icon_qrcode@3x.png */,
			);
			path = Image;
			sourceTree = "<group>";
		};
		4CEE0C241BE648E00026B344 /* ScanModel */ = {
			isa = PBXGroup;
			children = (
				4CEE0C251BE648E00026B344 /* Scanner.h */,
				4CEE0C261BE648E00026B344 /* Scanner.m */,
			);
			path = ScanModel;
			sourceTree = "<group>";
		};
		4CEE0C271BE648E00026B344 /* ScanViewControllers */ = {
			isa = PBXGroup;
			children = (
				4CEE0C281BE648E00026B344 /* BaseViewController.h */,
				4CEE0C291BE648E00026B344 /* BaseViewController.m */,
				4CEE0C2A1BE648E00026B344 /* Cell.h */,
				4CEE0C2B1BE648E00026B344 /* Cell.m */,
				4CEE0C2C1BE648E00026B344 /* Cell.xib */,
				4CEE0C2D1BE648E00026B344 /* History */,
				4CEE0C311BE648E00026B344 /* Info */,
				4CEE0C351BE648E00026B344 /* Maker */,
				4CEE0C391BE648E00026B344 /* Scan */,
			);
			path = ScanViewControllers;
			sourceTree = "<group>";
		};
		4CEE0C2D1BE648E00026B344 /* History */ = {
			isa = PBXGroup;
			children = (
				4CEE0C2E1BE648E00026B344 /* HistoryViewController.h */,
				4CEE0C2F1BE648E00026B344 /* HistoryViewController.m */,
				4CEE0C301BE648E00026B344 /* HistoryViewController.xib */,
			);
			path = History;
			sourceTree = "<group>";
		};
		4CEE0C311BE648E00026B344 /* Info */ = {
			isa = PBXGroup;
			children = (
				4CEE0C321BE648E00026B344 /* InfoViewController.h */,
				4CEE0C331BE648E00026B344 /* InfoViewController.m */,
				4CEE0C341BE648E00026B344 /* InfoViewController.xib */,
			);
			path = Info;
			sourceTree = "<group>";
		};
		4CEE0C351BE648E00026B344 /* Maker */ = {
			isa = PBXGroup;
			children = (
				4CEE0C361BE648E00026B344 /* MakerViewController.h */,
				4CEE0C371BE648E00026B344 /* MakerViewController.m */,
				4CEE0C381BE648E00026B344 /* MakerViewController.xib */,
			);
			path = Maker;
			sourceTree = "<group>";
		};
		4CEE0C391BE648E00026B344 /* Scan */ = {
			isa = PBXGroup;
			children = (
				4CEE0C3A1BE648E00026B344 /* ScanViewController.h */,
				4CEE0C3B1BE648E00026B344 /* ScanViewController.m */,
				4CEE0C3C1BE648E00026B344 /* ScanViewController.xib */,
			);
			path = Scan;
			sourceTree = "<group>";
		};
		4CEE0C3D1BE648E00026B344 /* Vendor */ = {
			isa = PBXGroup;
			children = (
				4CEE0C3E1BE648E00026B344 /* ImagePickerController.h */,
				4CEE0C3F1BE648E00026B344 /* ImagePickerController.m */,
				4CEE0C401BE648E00026B344 /* JKAlert */,
				4CEE0C431BE648E00026B344 /* JKToast */,
			);
			path = Vendor;
			sourceTree = "<group>";
		};
		4CEE0C401BE648E00026B344 /* JKAlert */ = {
			isa = PBXGroup;
			children = (
				4CEE0C411BE648E00026B344 /* JKAlert.h */,
				4CEE0C421BE648E00026B344 /* JKAlert.m */,
			);
			path = JKAlert;
			sourceTree = "<group>";
		};
		4CEE0C431BE648E00026B344 /* JKToast */ = {
			isa = PBXGroup;
			children = (
				4CEE0C441BE648E00026B344 /* JKToast.h */,
				4CEE0C451BE648E00026B344 /* JKToast.m */,
			);
			path = JKToast;
			sourceTree = "<group>";
		};
		4CEE0C681BE648F80026B344 /* ZCScan */ = {
			isa = PBXGroup;
			children = (
				4CAEF1751BE6534200A2726B /* Manager */,
				4CEE0C131BE648E00026B344 /* Image */,
				4CEE0C241BE648E00026B344 /* ScanModel */,
				4CEE0C271BE648E00026B344 /* ScanViewControllers */,
				4CEE0C3D1BE648E00026B344 /* Vendor */,
			);
			name = ZCScan;
			sourceTree = "<group>";
		};
		4CF8DB371BD87050006853CB /* Main(生活) */ = {
			isa = PBXGroup;
			children = (
				4CF8DB541BD8C7BD006853CB /* Model */,
				4CF8DB531BD8C7AD006853CB /* View */,
				4CF8DB521BD8C79F006853CB /* Controller */,
			);
			name = "Main(生活)";
			sourceTree = "<group>";
		};
		4CF8DB521BD8C79F006853CB /* Controller */ = {
			isa = PBXGroup;
			children = (
				4C14E9EE1BE0C20000B2C4CB /* 主页面 */,
				4C14E9EF1BE0C21400B2C4CB /* 查询功能（二级页面） */,
			);
			name = Controller;
			sourceTree = "<group>";
		};
		4CF8DB531BD8C7AD006853CB /* View */ = {
			isa = PBXGroup;
			children = (
				4CF8DB471BD88F1B006853CB /* ZCItemCell.h */,
				4CF8DB481BD88F1B006853CB /* ZCItemCell.m */,
				4CF8DB491BD88F1B006853CB /* ZCItemCell.xib */,
				4CF8DB551BD8C81A006853CB /* ZCHeaderViewCell.h */,
				4CF8DB561BD8C81A006853CB /* ZCHeaderViewCell.m */,
				4CF8DB571BD8C81A006853CB /* ZCHeaderViewCell.xib */,
				4CF8DB3E1BD88949006853CB /* ZCWeatherCell.h */,
				4CF8DB3F1BD88949006853CB /* ZCWeatherCell.m */,
				4CF8DB401BD88949006853CB /* ZCWeatherCell.xib */,
			);
			name = View;
			sourceTree = "<group>";
		};
		4CF8DB541BD8C7BD006853CB /* Model */ = {
			isa = PBXGroup;
			children = (
				4CF8DB4F1BD8B396006853CB /* ZCSectionModel.h */,
				4CF8DB501BD8B396006853CB /* ZCSectionModel.m */,
				4CF8DB4C1BD8909C006853CB /* ZCItemModel.h */,
				4CF8DB4D1BD8909C006853CB /* ZCItemModel.m */,
				4CB141631BDA24E40060F5A5 /* ZCWeatherModel.h */,
				4CB141641BDA24E40060F5A5 /* ZCWeatherModel.m */,
			);
			name = Model;
			sourceTree = "<group>";
		};
		4CF8DB5A1BD8D130006853CB /* CSStickyHeaderFlowLayout */ = {
			isa = PBXGroup;
			children = (
				4CF8DB5B1BD8D130006853CB /* CSStickyHeaderFlowLayout.h */,
				4CF8DB5C1BD8D130006853CB /* CSStickyHeaderFlowLayout.m */,
				4CF8DB5D1BD8D130006853CB /* CSStickyHeaderFlowLayoutAttributes.h */,
				4CF8DB5E1BD8D130006853CB /* CSStickyHeaderFlowLayoutAttributes.m */,
			);
			path = CSStickyHeaderFlowLayout;
			sourceTree = "<group>";
		};
		B83FAB201D0ED7AFF513CF95 /* Pods */ = {
			isa = PBXGroup;
			children = (
				251DFC58E0597ADDE2A5A462 /* Pods.debug.xcconfig */,
				50BADCC76D016601BC8F1E83 /* Pods.release.xcconfig */,
			);
			name = Pods;
			sourceTree = "<group>";
		};
/* End PBXGroup section */

/* Begin PBXNativeTarget section */
		4CDBCB7B1BD789B900310898 /* 生活百事通 */ = {
			isa = PBXNativeTarget;
			buildConfigurationList = 4CDBCBA91BD789B900310898 /* Build configuration list for PBXNativeTarget "生活百事通" */;
			buildPhases = (
				5C7D083FD397CD2815C8CEF8 /* Check Pods Manifest.lock */,
				4CDBCB781BD789B900310898 /* Sources */,
				4CDBCB791BD789B900310898 /* Frameworks */,
				4CDBCB7A1BD789B900310898 /* Resources */,
				E8E58D2DF9C720037D4BB24F /* Embed Pods Frameworks */,
				80E5B6DD8653DEE4172DEFFD /* Copy Pods Resources */,
			);
			buildRules = (
			);
			dependencies = (
			);
			name = "生活百事通";
			productName = "生活百事通";
			productReference = 4CDBCB7C1BD789B900310898 /* 生活百事通.app */;
			productType = "com.apple.product-type.application";
		};
		4CDBCB941BD789B900310898 /* 生活百事通Tests */ = {
			isa = PBXNativeTarget;
			buildConfigurationList = 4CDBCBAC1BD789B900310898 /* Build configuration list for PBXNativeTarget "生活百事通Tests" */;
			buildPhases = (
				4CDBCB911BD789B900310898 /* Sources */,
				4CDBCB921BD789B900310898 /* Frameworks */,
				4CDBCB931BD789B900310898 /* Resources */,
			);
			buildRules = (
			);
			dependencies = (
				4CDBCB971BD789B900310898 /* PBXTargetDependency */,
			);
			name = "生活百事通Tests";
			productName = "生活百事通Tests";
			productReference = 4CDBCB951BD789B900310898 /* 生活百事通Tests.xctest */;
			productType = "com.apple.product-type.bundle.unit-test";
		};
		4CDBCB9F1BD789B900310898 /* 生活百事通UITests */ = {
			isa = PBXNativeTarget;
			buildConfigurationList = 4CDBCBAF1BD789B900310898 /* Build configuration list for PBXNativeTarget "生活百事通UITests" */;
			buildPhases = (
				4CDBCB9C1BD789B900310898 /* Sources */,
				4CDBCB9D1BD789B900310898 /* Frameworks */,
				4CDBCB9E1BD789B900310898 /* Resources */,
			);
			buildRules = (
			);
			dependencies = (
				4CDBCBA21BD789B900310898 /* PBXTargetDependency */,
			);
			name = "生活百事通UITests";
			productName = "生活百事通UITests";
			productReference = 4CDBCBA01BD789B900310898 /* 生活百事通UITests.xctest */;
			productType = "com.apple.product-type.bundle.ui-testing";
		};
/* End PBXNativeTarget section */

/* Begin PBXProject section */
		4CDBCB741BD789B900310898 /* Project object */ = {
			isa = PBXProject;
			attributes = {
				CLASSPREFIX = ZC;
				LastUpgradeCheck = 0700;
				ORGANIZATIONNAME = zcill;
				TargetAttributes = {
					4CDBCB7B1BD789B900310898 = {
						CreatedOnToolsVersion = 7.0;
						DevelopmentTeam = 6PRCTVW4F9;
						SystemCapabilities = {
							com.apple.BackgroundModes = {
								enabled = 1;
							};
						};
					};
					4CDBCB941BD789B900310898 = {
						CreatedOnToolsVersion = 7.0;
						DevelopmentTeam = 6PRCTVW4F9;
						TestTargetID = 4CDBCB7B1BD789B900310898;
					};
					4CDBCB9F1BD789B900310898 = {
						CreatedOnToolsVersion = 7.0;
						DevelopmentTeam = 6PRCTVW4F9;
						TestTargetID = 4CDBCB7B1BD789B900310898;
					};
				};
			};
			buildConfigurationList = 4CDBCB771BD789B900310898 /* Build configuration list for PBXProject "生活百事通" */;
			compatibilityVersion = "Xcode 3.2";
			developmentRegion = English;
			hasScannedForEncodings = 0;
			knownRegions = (
				en,
				Base,
			);
			mainGroup = 4CDBCB731BD789B900310898;
			productRefGroup = 4CDBCB7D1BD789B900310898 /* Products */;
			projectDirPath = "";
			projectRoot = "";
			targets = (
				4CDBCB7B1BD789B900310898 /* 生活百事通 */,
				4CDBCB941BD789B900310898 /* 生活百事通Tests */,
				4CDBCB9F1BD789B900310898 /* 生活百事通UITests */,
			);
		};
/* End PBXProject section */

/* Begin PBXResourcesBuildPhase section */
		4CDBCB7A1BD789B900310898 /* Resources */ = {
			isa = PBXResourcesBuildPhase;
			buildActionMask = 2147483647;
			files = (
				4CF8DC351BD919B7006853CB /* Assets.xcassets in Resources */,
				4CEE0C621BE648E00026B344 /* MakerViewController.xib in Resources */,
				4CE6850A1BE390A100D0647C /* Bus_Cities.plist in Resources */,
				4C9B47A01BDE09450030B947 /* Orders.plist in Resources */,
				4CEE0C4A1BE648E00026B344 /* icon_clean@3x.png in Resources */,
				4CF8DB591BD8C81A006853CB /* ZCHeaderViewCell.xib in Resources */,
				4CB0F9941BEB32F800C40D16 /* AMap.bundle in Resources */,
				4CEE0C5E1BE648E00026B344 /* HistoryViewController.xib in Resources */,
				4CEE0B9F1BE614CF0026B344 /* ZCAboutViewController.xib in Resources */,
				4CEE0C4C1BE648E00026B344 /* icon_copy@3x.png in Resources */,
				4CEE0C4D1BE648E00026B344 /* icon_done@2x.png in Resources */,
				4CB52F721BE79A46009DEEAB /* icon.png in Resources */,
				4CEE0C561BE648E00026B344 /* icon_make@3x.png in Resources */,
				4C9B479C1BDE09450030B947 /* Categories.plist in Resources */,
				4CDBCB8F1BD789B900310898 /* LaunchScreen.storyboard in Resources */,
				4CECD5371BE9E0EB0061CA72 /* express.plist in Resources */,
				4CEE0C4E1BE648E00026B344 /* icon_done@3x.png in Resources */,
				4CDBCB8A1BD789B900310898 /* Main.storyboard in Resources */,
				4C9B479E1BDE09450030B947 /* Cities.plist in Resources */,
				4CEE0C501BE648E00026B344 /* icon_history@3x.png in Resources */,
				4CEE0C511BE648E00026B344 /* icon_light@2x.png in Resources */,
				4CEE0C531BE648E00026B344 /* icon_light_normal@2x.png in Resources */,
				4CEE0C491BE648E00026B344 /* icon_clean@2x.png in Resources */,
				4CEE0C521BE648E00026B344 /* icon_light@3x.png in Resources */,
				4CEE0C601BE648E00026B344 /* InfoViewController.xib in Resources */,
				4CEE0C581BE648E00026B344 /* icon_qrcode@3x.png in Resources */,
				4CEE0C551BE648E00026B344 /* icon_make@2x.png in Resources */,
				4CEE0C4B1BE648E00026B344 /* icon_copy@2x.png in Resources */,
				4CEE0C4F1BE648E00026B344 /* icon_history@2x.png in Resources */,
				4CEE0C641BE648E00026B344 /* ScanViewController.xib in Resources */,
				4CF8DB421BD88949006853CB /* ZCWeatherCell.xib in Resources */,
				4CEE0C5C1BE648E00026B344 /* Cell.xib in Resources */,
				4C9B479D1BDE09450030B947 /* Categoriesaaa.plist in Resources */,
				4CEE0C571BE648E00026B344 /* icon_qrcode@2x.png in Resources */,
				4C4A28F61BE21B89003E9E5E /* CurrencyCode.plist in Resources */,
				4CECD53C1BE9F9870061CA72 /* TV_Channel.plist in Resources */,
				4CF8DB4B1BD88F1B006853CB /* ZCItemCell.xib in Resources */,
				4C9B47A11BDE09450030B947 /* ProvincesAndCities.plist in Resources */,
				4CEE0C541BE648E00026B344 /* icon_light_normal@3x.png in Resources */,
			);
			runOnlyForDeploymentPostprocessing = 0;
		};
		4CDBCB931BD789B900310898 /* Resources */ = {
			isa = PBXResourcesBuildPhase;
			buildActionMask = 2147483647;
			files = (
			);
			runOnlyForDeploymentPostprocessing = 0;
		};
		4CDBCB9E1BD789B900310898 /* Resources */ = {
			isa = PBXResourcesBuildPhase;
			buildActionMask = 2147483647;
			files = (
			);
			runOnlyForDeploymentPostprocessing = 0;
		};
/* End PBXResourcesBuildPhase section */

/* Begin PBXShellScriptBuildPhase section */
		5C7D083FD397CD2815C8CEF8 /* Check Pods Manifest.lock */ = {
			isa = PBXShellScriptBuildPhase;
			buildActionMask = 2147483647;
			files = (
			);
			inputPaths = (
			);
			name = "Check Pods Manifest.lock";
			outputPaths = (
			);
			runOnlyForDeploymentPostprocessing = 0;
			shellPath = /bin/sh;
			shellScript = "diff \"${PODS_ROOT}/../Podfile.lock\" \"${PODS_ROOT}/Manifest.lock\" > /dev/null\nif [[ $? != 0 ]] ; then\n    cat << EOM\nerror: The sandbox is not in sync with the Podfile.lock. Run 'pod install' or update your CocoaPods installation.\nEOM\n    exit 1\nfi\n";
			showEnvVarsInLog = 0;
		};
		80E5B6DD8653DEE4172DEFFD /* Copy Pods Resources */ = {
			isa = PBXShellScriptBuildPhase;
			buildActionMask = 2147483647;
			files = (
			);
			inputPaths = (
			);
			name = "Copy Pods Resources";
			outputPaths = (
			);
			runOnlyForDeploymentPostprocessing = 0;
			shellPath = /bin/sh;
			shellScript = "\"${SRCROOT}/Pods/Target Support Files/Pods/Pods-resources.sh\"\n";
			showEnvVarsInLog = 0;
		};
		E8E58D2DF9C720037D4BB24F /* Embed Pods Frameworks */ = {
			isa = PBXShellScriptBuildPhase;
			buildActionMask = 2147483647;
			files = (
			);
			inputPaths = (
			);
			name = "Embed Pods Frameworks";
			outputPaths = (
			);
			runOnlyForDeploymentPostprocessing = 0;
			shellPath = /bin/sh;
			shellScript = "\"${SRCROOT}/Pods/Target Support Files/Pods/Pods-frameworks.sh\"\n";
			showEnvVarsInLog = 0;
		};
/* End PBXShellScriptBuildPhase section */

/* Begin PBXSourcesBuildPhase section */
		4CDBCB781BD789B900310898 /* Sources */ = {
			isa = PBXSourcesBuildPhase;
			buildActionMask = 2147483647;
			files = (
				4CF8DB3D1BD886D0006853CB /* ZCMainCollectionViewController.m in Sources */,
				4CAEF17C1BE6534200A2726B /* DateManager.m in Sources */,
				4CEE0B9E1BE614CF0026B344 /* ZCAboutViewController.m in Sources */,
				4CB0F9751BEAEC5D00C40D16 /* ZCTrainTableViewController.m in Sources */,
				4CECEC141BE8410600CB0363 /* ZCWikiViewController.m in Sources */,
				4CEE0C5F1BE648E00026B344 /* InfoViewController.m in Sources */,
				4C4A28F01BE211A3003E9E5E /* ZCCurrencyTableViewController.m in Sources */,
				4C5863321BE39C4C00E75DC9 /* ZCSearchTableViewController.m in Sources */,
				4C17CBFC1BEA425100CB7269 /* ZCAreaCodeTableViewController.m in Sources */,
				4CEE0C081BE63D470026B344 /* ZCTabBar.m in Sources */,
				4C6894B61BEB3D52005B4AC7 /* ZCMapSearchViewController.m in Sources */,
				4CF8DB601BD8D130006853CB /* CSStickyHeaderFlowLayoutAttributes.m in Sources */,
				4C3631871BDA566D0010C0CC /* ZCHttpRequestTool.m in Sources */,
				4CEE0C631BE648E00026B344 /* ScanViewController.m in Sources */,
				4CEE0C651BE648E00026B344 /* ImagePickerController.m in Sources */,
				4CEC81C71BE492BA000AFF83 /* ZCAllToolsCollectionViewController.m in Sources */,
				4CEE0C671BE648E00026B344 /* JKToast.m in Sources */,
				4CDBCB841BD789B900310898 /* ZCAppDelegate.m in Sources */,
				4CD86B751BE8E773003BBA80 /* ZCRevenueTableViewController.m in Sources */,
				4CAEF17D1BE6534200A2726B /* DBManager.m in Sources */,
				4CEE0C5B1BE648E00026B344 /* Cell.m in Sources */,
				4CEE0C5A1BE648E00026B344 /* BaseViewController.m in Sources */,
				4CDBCB811BD789B900310898 /* main.m in Sources */,
				4CECD53F1BE9FAE80061CA72 /* ZCTVTableViewController.m in Sources */,
				4CEE0C591BE648E00026B344 /* Scanner.m in Sources */,
				4C36318A1BDA5ECC0010C0CC /* ZCSearchHttpRequest.m in Sources */,
				4CF8DB4E1BD8909C006853CB /* ZCItemModel.m in Sources */,
				4CF8DB511BD8B396006853CB /* ZCSectionModel.m in Sources */,
				4CEFB4CA1BE1AA67000CD045 /* ZCPhoneNumberTableViewController.m in Sources */,
				4CE27F461BEB561C00FD7567 /* ZCOilTableViewController.m in Sources */,
				4CB0F96F1BEAE3C000C40D16 /* ZCZipcodeTableViewController.m in Sources */,
				4CF8DB5F1BD8D130006853CB /* CSStickyHeaderFlowLayout.m in Sources */,
				4CE685081BE38A3400D0647C /* ZCBusTableViewController.m in Sources */,
				4CB141651BDA24E40060F5A5 /* ZCWeatherModel.m in Sources */,
				4CF8DB4A1BD88F1B006853CB /* ZCItemCell.m in Sources */,
				4CEFB5141BE1BCEC000CD045 /* ZCIPSearchTableViewController.m in Sources */,
				4CF8DB411BD88949006853CB /* ZCWeatherCell.m in Sources */,
				4CF8DB581BD8C81A006853CB /* ZCHeaderViewCell.m in Sources */,
				4C14EAE41BE0F1F300B2C4CB /* ZCSubtitleItem.m in Sources */,
				4CEE0C6D1BE64B690026B344 /* ZCScannerTableViewController.m in Sources */,
				4CEE0BA01BE614CF0026B344 /* ZCUserTableViewController.m in Sources */,
				4CECD5351BE9DFC00061CA72 /* ZCExpressTableViewController.m in Sources */,
				4CEE0C661BE648E00026B344 /* JKAlert.m in Sources */,
				4C6B33DB1BD7BEE200475586 /* UIButton+ZCQuickCreateButton.m in Sources */,
				4C6B33C51BD7967F00475586 /* ZCRootViewController.m in Sources */,
				4CAEF17E1BE6534200A2726B /* DBManagerQueue.m in Sources */,
				4C9B47951BDE06CB0030B947 /* ZCCitiesTableViewController.m in Sources */,
				4CD86B721BE8DDD2003BBA80 /* ZCNewsViewController.m in Sources */,
				4CEE0C611BE648E00026B344 /* MakerViewController.m in Sources */,
				4CEE0C5D1BE648E00026B344 /* HistoryViewController.m in Sources */,
				4C14E9F21BE0C25C00B2C4CB /* ZCIDCardSearchTableViewController.m in Sources */,
			);
			runOnlyForDeploymentPostprocessing = 0;
		};
		4CDBCB911BD789B900310898 /* Sources */ = {
			isa = PBXSourcesBuildPhase;
			buildActionMask = 2147483647;
			files = (
				4CDBCB9A1BD789B900310898 /* _____Tests.m in Sources */,
			);
			runOnlyForDeploymentPostprocessing = 0;
		};
		4CDBCB9C1BD789B900310898 /* Sources */ = {
			isa = PBXSourcesBuildPhase;
			buildActionMask = 2147483647;
			files = (
				4CDBCBA51BD789B900310898 /* _____UITests.m in Sources */,
			);
			runOnlyForDeploymentPostprocessing = 0;
		};
/* End PBXSourcesBuildPhase section */

/* Begin PBXTargetDependency section */
		4CDBCB971BD789B900310898 /* PBXTargetDependency */ = {
			isa = PBXTargetDependency;
			target = 4CDBCB7B1BD789B900310898 /* 生活百事通 */;
			targetProxy = 4CDBCB961BD789B900310898 /* PBXContainerItemProxy */;
		};
		4CDBCBA21BD789B900310898 /* PBXTargetDependency */ = {
			isa = PBXTargetDependency;
			target = 4CDBCB7B1BD789B900310898 /* 生活百事通 */;
			targetProxy = 4CDBCBA11BD789B900310898 /* PBXContainerItemProxy */;
		};
/* End PBXTargetDependency section */

/* Begin PBXVariantGroup section */
		4CDBCB881BD789B900310898 /* Main.storyboard */ = {
			isa = PBXVariantGroup;
			children = (
				4CDBCB891BD789B900310898 /* Base */,
			);
			name = Main.storyboard;
			sourceTree = "<group>";
		};
		4CDBCB8D1BD789B900310898 /* LaunchScreen.storyboard */ = {
			isa = PBXVariantGroup;
			children = (
				4CDBCB8E1BD789B900310898 /* Base */,
			);
			name = LaunchScreen.storyboard;
			sourceTree = "<group>";
		};
/* End PBXVariantGroup section */

/* Begin XCBuildConfiguration section */
		4CDBCBA71BD789B900310898 /* Debug */ = {
			isa = XCBuildConfiguration;
			buildSettings = {
				ALWAYS_SEARCH_USER_PATHS = NO;
				CLANG_CXX_LANGUAGE_STANDARD = "gnu++0x";
				CLANG_CXX_LIBRARY = "libc++";
				CLANG_ENABLE_MODULES = YES;
				CLANG_ENABLE_OBJC_ARC = YES;
				CLANG_WARN_BOOL_CONVERSION = YES;
				CLANG_WARN_CONSTANT_CONVERSION = YES;
				CLANG_WARN_DIRECT_OBJC_ISA_USAGE = YES_ERROR;
				CLANG_WARN_EMPTY_BODY = YES;
				CLANG_WARN_ENUM_CONVERSION = YES;
				CLANG_WARN_INT_CONVERSION = YES;
				CLANG_WARN_OBJC_ROOT_CLASS = YES_ERROR;
				CLANG_WARN_UNREACHABLE_CODE = YES;
				CLANG_WARN__DUPLICATE_METHOD_MATCH = YES;
				"CODE_SIGN_IDENTITY[sdk=iphoneos*]" = "iPhone Developer";
				COPY_PHASE_STRIP = NO;
				DEBUG_INFORMATION_FORMAT = dwarf;
				ENABLE_STRICT_OBJC_MSGSEND = YES;
				ENABLE_TESTABILITY = YES;
				GCC_C_LANGUAGE_STANDARD = gnu99;
				GCC_DYNAMIC_NO_PIC = NO;
				GCC_NO_COMMON_BLOCKS = YES;
				GCC_OPTIMIZATION_LEVEL = 0;
				GCC_PREPROCESSOR_DEFINITIONS = (
					"DEBUG=1",
					"$(inherited)",
				);
				GCC_WARN_64_TO_32_BIT_CONVERSION = YES;
				GCC_WARN_ABOUT_RETURN_TYPE = YES_ERROR;
				GCC_WARN_UNDECLARED_SELECTOR = YES;
				GCC_WARN_UNINITIALIZED_AUTOS = YES_AGGRESSIVE;
				GCC_WARN_UNUSED_FUNCTION = YES;
				GCC_WARN_UNUSED_VARIABLE = YES;
				IPHONEOS_DEPLOYMENT_TARGET = 9.0;
				MTL_ENABLE_DEBUG_INFO = YES;
				ONLY_ACTIVE_ARCH = YES;
				SDKROOT = iphoneos;
				TARGETED_DEVICE_FAMILY = "1,2";
			};
			name = Debug;
		};
		4CDBCBA81BD789B900310898 /* Release */ = {
			isa = XCBuildConfiguration;
			buildSettings = {
				ALWAYS_SEARCH_USER_PATHS = NO;
				CLANG_CXX_LANGUAGE_STANDARD = "gnu++0x";
				CLANG_CXX_LIBRARY = "libc++";
				CLANG_ENABLE_MODULES = YES;
				CLANG_ENABLE_OBJC_ARC = YES;
				CLANG_WARN_BOOL_CONVERSION = YES;
				CLANG_WARN_CONSTANT_CONVERSION = YES;
				CLANG_WARN_DIRECT_OBJC_ISA_USAGE = YES_ERROR;
				CLANG_WARN_EMPTY_BODY = YES;
				CLANG_WARN_ENUM_CONVERSION = YES;
				CLANG_WARN_INT_CONVERSION = YES;
				CLANG_WARN_OBJC_ROOT_CLASS = YES_ERROR;
				CLANG_WARN_UNREACHABLE_CODE = YES;
				CLANG_WARN__DUPLICATE_METHOD_MATCH = YES;
				"CODE_SIGN_IDENTITY[sdk=iphoneos*]" = "iPhone Developer";
				COPY_PHASE_STRIP = NO;
				DEBUG_INFORMATION_FORMAT = "dwarf-with-dsym";
				ENABLE_NS_ASSERTIONS = NO;
				ENABLE_STRICT_OBJC_MSGSEND = YES;
				GCC_C_LANGUAGE_STANDARD = gnu99;
				GCC_NO_COMMON_BLOCKS = YES;
				GCC_WARN_64_TO_32_BIT_CONVERSION = YES;
				GCC_WARN_ABOUT_RETURN_TYPE = YES_ERROR;
				GCC_WARN_UNDECLARED_SELECTOR = YES;
				GCC_WARN_UNINITIALIZED_AUTOS = YES_AGGRESSIVE;
				GCC_WARN_UNUSED_FUNCTION = YES;
				GCC_WARN_UNUSED_VARIABLE = YES;
				IPHONEOS_DEPLOYMENT_TARGET = 9.0;
				MTL_ENABLE_DEBUG_INFO = NO;
				SDKROOT = iphoneos;
				TARGETED_DEVICE_FAMILY = "1,2";
				VALIDATE_PRODUCT = YES;
			};
			name = Release;
		};
		4CDBCBAA1BD789B900310898 /* Debug */ = {
			isa = XCBuildConfiguration;
			baseConfigurationReference = 251DFC58E0597ADDE2A5A462 /* Pods.debug.xcconfig */;
			buildSettings = {
				ASSETCATALOG_COMPILER_APPICON_NAME = AppIcon;
				CODE_SIGN_IDENTITY = "iPhone Developer";
				"CODE_SIGN_IDENTITY[sdk=iphoneos*]" = "iPhone Developer";
				ENABLE_BITCODE = NO;
				FRAMEWORK_SEARCH_PATHS = (
					"$(inherited)",
					"$(PROJECT_DIR)",
				);
				INFOPLIST_FILE = "生活百事通/Info.plist";
				IPHONEOS_DEPLOYMENT_TARGET = 7.1;
				LD_RUNPATH_SEARCH_PATHS = "$(inherited) @executable_path/Frameworks";
				ONLY_ACTIVE_ARCH = YES;
				PRODUCT_BUNDLE_IDENTIFIER = com.zcill.lifeTools;
				PRODUCT_NAME = "$(TARGET_NAME)";
				PROVISIONING_PROFILE = "";
				TARGETED_DEVICE_FAMILY = 1;
				VALID_ARCHS = "armv7 armv7s i386 arm64";
			};
			name = Debug;
		};
		4CDBCBAB1BD789B900310898 /* Release */ = {
			isa = XCBuildConfiguration;
			baseConfigurationReference = 50BADCC76D016601BC8F1E83 /* Pods.release.xcconfig */;
			buildSettings = {
				ASSETCATALOG_COMPILER_APPICON_NAME = AppIcon;
				CODE_SIGN_IDENTITY = "iPhone Developer";
				"CODE_SIGN_IDENTITY[sdk=iphoneos*]" = "iPhone Developer";
				ENABLE_BITCODE = NO;
				FRAMEWORK_SEARCH_PATHS = (
					"$(inherited)",
					"$(PROJECT_DIR)",
				);
				INFOPLIST_FILE = "生活百事通/Info.plist";
				IPHONEOS_DEPLOYMENT_TARGET = 7.1;
				LD_RUNPATH_SEARCH_PATHS = "$(inherited) @executable_path/Frameworks";
				ONLY_ACTIVE_ARCH = NO;
				PRODUCT_BUNDLE_IDENTIFIER = com.zcill.lifeTools;
				PRODUCT_NAME = "$(TARGET_NAME)";
				PROVISIONING_PROFILE = "";
				TARGETED_DEVICE_FAMILY = 1;
				VALID_ARCHS = "armv7 armv7s i386 arm64";
			};
			name = Release;
		};
		4CDBCBAD1BD789B900310898 /* Debug */ = {
			isa = XCBuildConfiguration;
			buildSettings = {
				BUNDLE_LOADER = "$(TEST_HOST)";
				INFOPLIST_FILE = "生活百事通Tests/Info.plist";
				LD_RUNPATH_SEARCH_PATHS = "$(inherited) @executable_path/Frameworks @loader_path/Frameworks";
				PRODUCT_BUNDLE_IDENTIFIER = "com.zcill.-----Tests";
				PRODUCT_NAME = "$(TARGET_NAME)";
				TEST_HOST = "$(BUILT_PRODUCTS_DIR)/生活百事通.app/生活百事通";
			};
			name = Debug;
		};
		4CDBCBAE1BD789B900310898 /* Release */ = {
			isa = XCBuildConfiguration;
			buildSettings = {
				BUNDLE_LOADER = "$(TEST_HOST)";
				INFOPLIST_FILE = "生活百事通Tests/Info.plist";
				LD_RUNPATH_SEARCH_PATHS = "$(inherited) @executable_path/Frameworks @loader_path/Frameworks";
				PRODUCT_BUNDLE_IDENTIFIER = "com.zcill.-----Tests";
				PRODUCT_NAME = "$(TARGET_NAME)";
				TEST_HOST = "$(BUILT_PRODUCTS_DIR)/生活百事通.app/生活百事通";
			};
			name = Release;
		};
		4CDBCBB01BD789B900310898 /* Debug */ = {
			isa = XCBuildConfiguration;
			buildSettings = {
				INFOPLIST_FILE = "生活百事通UITests/Info.plist";
				LD_RUNPATH_SEARCH_PATHS = "$(inherited) @executable_path/Frameworks @loader_path/Frameworks";
				PRODUCT_BUNDLE_IDENTIFIER = "com.zcill.-----UITests";
				PRODUCT_NAME = "$(TARGET_NAME)";
				TEST_TARGET_NAME = "生活百事通";
				USES_XCTRUNNER = YES;
			};
			name = Debug;
		};
		4CDBCBB11BD789B900310898 /* Release */ = {
			isa = XCBuildConfiguration;
			buildSettings = {
				INFOPLIST_FILE = "生活百事通UITests/Info.plist";
				LD_RUNPATH_SEARCH_PATHS = "$(inherited) @executable_path/Frameworks @loader_path/Frameworks";
				PRODUCT_BUNDLE_IDENTIFIER = "com.zcill.-----UITests";
				PRODUCT_NAME = "$(TARGET_NAME)";
				TEST_TARGET_NAME = "生活百事通";
				USES_XCTRUNNER = YES;
			};
			name = Release;
		};
/* End XCBuildConfiguration section */

/* Begin XCConfigurationList section */
		4CDBCB771BD789B900310898 /* Build configuration list for PBXProject "生活百事通" */ = {
			isa = XCConfigurationList;
			buildConfigurations = (
				4CDBCBA71BD789B900310898 /* Debug */,
				4CDBCBA81BD789B900310898 /* Release */,
			);
			defaultConfigurationIsVisible = 0;
			defaultConfigurationName = Release;
		};
		4CDBCBA91BD789B900310898 /* Build configuration list for PBXNativeTarget "生活百事通" */ = {
			isa = XCConfigurationList;
			buildConfigurations = (
				4CDBCBAA1BD789B900310898 /* Debug */,
				4CDBCBAB1BD789B900310898 /* Release */,
			);
			defaultConfigurationIsVisible = 0;
			defaultConfigurationName = Release;
		};
		4CDBCBAC1BD789B900310898 /* Build configuration list for PBXNativeTarget "生活百事通Tests" */ = {
			isa = XCConfigurationList;
			buildConfigurations = (
				4CDBCBAD1BD789B900310898 /* Debug */,
				4CDBCBAE1BD789B900310898 /* Release */,
			);
			defaultConfigurationIsVisible = 0;
			defaultConfigurationName = Release;
		};
		4CDBCBAF1BD789B900310898 /* Build configuration list for PBXNativeTarget "生活百事通UITests" */ = {
			isa = XCConfigurationList;
			buildConfigurations = (
				4CDBCBB01BD789B900310898 /* Debug */,
				4CDBCBB11BD789B900310898 /* Release */,
			);
			defaultConfigurationIsVisible = 0;
			defaultConfigurationName = Release;
		};
/* End XCConfigurationList section */
	};
	rootObject = 4CDBCB741BD789B900310898 /* Project object */;
}
